// !$*UTF8*$!
{
	archiveVersion = 1;
	classes = {
	};
	objectVersion = 77;
	objects = {

/* Begin PBXBuildFile section */
		398C8C1CF2A1C9CF1FE89470 /* Pods_MamiBank.framework in Frameworks */ = {isa = PBXBuildFile; fileRef = 744672D4FD0F20B4F82D8DD1 /* Pods_MamiBank.framework */; };
		75A3C535008171A54D885E2A /* Pods_MamiBank_MamiBankUITests.framework in Frameworks */ = {isa = PBXBuildFile; fileRef = C6E1A16D69BC60F598F29D2E /* Pods_MamiBank_MamiBankUITests.framework */; };
		81088799DFD53BAEBF8851EB /* Pods_MamiBankTests.framework in Frameworks */ = {isa = PBXBuildFile; fileRef = D886512DE39C440A8EEE3A68 /* Pods_MamiBankTests.framework */; };
		92ABD1502EA9E21F0017D7B5 /* SwiftHelperInit in Frameworks */ = {isa = PBXBuildFile; productRef = 92ABD14F2EA9E21F0017D7B5 /* SwiftHelperInit */; };
/* End PBXBuildFile section */

/* Begin PBXContainerItemProxy section */
		9267C6C82EA78A3400E3E360 /* PBXContainerItemProxy */ = {
			isa = PBXContainerItemProxy;
			containerPortal = 9267C6A62EA78A3000E3E360 /* Project object */;
			proxyType = 1;
			remoteGlobalIDString = 9267C6AD2EA78A3000E3E360;
			remoteInfo = MamiBank;
		};
		9267C6D22EA78A3400E3E360 /* PBXContainerItemProxy */ = {
			isa = PBXContainerItemProxy;
			containerPortal = 9267C6A62EA78A3000E3E360 /* Project object */;
			proxyType = 1;
			remoteGlobalIDString = 9267C6AD2EA78A3000E3E360;
			remoteInfo = MamiBank;
		};
/* End PBXContainerItemProxy section */

/* Begin PBXFileReference section */
		4B96151C641AA1930ECE799A /* Pods-MamiBank.debug.xcconfig */ = {isa = PBXFileReference; includeInIndex = 1; lastKnownFileType = text.xcconfig; name = "Pods-MamiBank.debug.xcconfig"; path = "Target Support Files/Pods-MamiBank/Pods-MamiBank.debug.xcconfig"; sourceTree = "<group>"; };
		744672D4FD0F20B4F82D8DD1 /* Pods_MamiBank.framework */ = {isa = PBXFileReference; explicitFileType = wrapper.framework; includeInIndex = 0; path = Pods_MamiBank.framework; sourceTree = BUILT_PRODUCTS_DIR; };
		7FBECEA4602EB994A6D8E8CE /* Pods-MamiBankTests.release.xcconfig */ = {isa = PBXFileReference; includeInIndex = 1; lastKnownFileType = text.xcconfig; name = "Pods-MamiBankTests.release.xcconfig"; path = "Target Support Files/Pods-MamiBankTests/Pods-MamiBankTests.release.xcconfig"; sourceTree = "<group>"; };
		9267C6AE2EA78A3000E3E360 /* Mami Dev.app */ = {isa = PBXFileReference; explicitFileType = wrapper.application; includeInIndex = 0; path = "Mami Dev.app"; sourceTree = BUILT_PRODUCTS_DIR; };
		9267C6C72EA78A3400E3E360 /* MamiBankTests.xctest */ = {isa = PBXFileReference; explicitFileType = wrapper.cfbundle; includeInIndex = 0; path = MamiBankTests.xctest; sourceTree = BUILT_PRODUCTS_DIR; };
		9267C6D12EA78A3400E3E360 /* MamiBankUITests.xctest */ = {isa = PBXFileReference; explicitFileType = wrapper.cfbundle; includeInIndex = 0; path = MamiBankUITests.xctest; sourceTree = BUILT_PRODUCTS_DIR; };
		944DD7B109D35CD1E2598023 /* Pods-MamiBankTests.debug.xcconfig */ = {isa = PBXFileReference; includeInIndex = 1; lastKnownFileType = text.xcconfig; name = "Pods-MamiBankTests.debug.xcconfig"; path = "Target Support Files/Pods-MamiBankTests/Pods-MamiBankTests.debug.xcconfig"; sourceTree = "<group>"; };
		9802168DCF707F16174C1337 /* Pods-MamiBank-MamiBankUITests.debug.xcconfig */ = {isa = PBXFileReference; includeInIndex = 1; lastKnownFileType = text.xcconfig; name = "Pods-MamiBank-MamiBankUITests.debug.xcconfig"; path = "Target Support Files/Pods-MamiBank-MamiBankUITests/Pods-MamiBank-MamiBankUITests.debug.xcconfig"; sourceTree = "<group>"; };
		9CE92E1264885DB24A55AC55 /* Pods-MamiBank.release.xcconfig */ = {isa = PBXFileReference; includeInIndex = 1; lastKnownFileType = text.xcconfig; name = "Pods-MamiBank.release.xcconfig"; path = "Target Support Files/Pods-MamiBank/Pods-MamiBank.release.xcconfig"; sourceTree = "<group>"; };
		C6E1A16D69BC60F598F29D2E /* Pods_MamiBank_MamiBankUITests.framework */ = {isa = PBXFileReference; explicitFileType = wrapper.framework; includeInIndex = 0; path = Pods_MamiBank_MamiBankUITests.framework; sourceTree = BUILT_PRODUCTS_DIR; };
		D2A6530431E08D26A278E956 /* Pods-MamiBank-MamiBankUITests.release.xcconfig */ = {isa = PBXFileReference; includeInIndex = 1; lastKnownFileType = text.xcconfig; name = "Pods-MamiBank-MamiBankUITests.release.xcconfig"; path = "Target Support Files/Pods-MamiBank-MamiBankUITests/Pods-MamiBank-MamiBankUITests.release.xcconfig"; sourceTree = "<group>"; };
		D886512DE39C440A8EEE3A68 /* Pods_MamiBankTests.framework */ = {isa = PBXFileReference; explicitFileType = wrapper.framework; includeInIndex = 0; path = Pods_MamiBankTests.framework; sourceTree = BUILT_PRODUCTS_DIR; };
/* End PBXFileReference section */

/* Begin PBXFileSystemSynchronizedBuildFileExceptionSet section */
		9267C6D92EA78A3400E3E360 /* Exceptions for "MamiBank" folder in "MamiBank" target */ = {
			isa = PBXFileSystemSynchronizedBuildFileExceptionSet;
			membershipExceptions = (
				Info.plist,
			);
			target = 9267C6AD2EA78A3000E3E360 /* MamiBank */;
		};
		927C188B2EA879C60096E690 /* Exceptions for "MamiBank" folder in "MamiBankTests" target */ = {
			isa = PBXFileSystemSynchronizedBuildFileExceptionSet;
			membershipExceptions = (
				"/Localized: Shared/Resources/Localizable.strings",
			);
			target = 9267C6C62EA78A3400E3E360 /* MamiBankTests */;
		};
		927C188C2EA879C60096E690 /* Exceptions for "MamiBank" folder in "MamiBankUITests" target */ = {
			isa = PBXFileSystemSynchronizedBuildFileExceptionSet;
			membershipExceptions = (
				"/Localized: Shared/Resources/Localizable.strings",
			);
			target = 9267C6D02EA78A3400E3E360 /* MamiBankUITests */;
		};
/* End PBXFileSystemSynchronizedBuildFileExceptionSet section */

/* Begin PBXFileSystemSynchronizedRootGroup section */
		9267C6B02EA78A3000E3E360 /* MamiBank */ = {
			isa = PBXFileSystemSynchronizedRootGroup;
			exceptions = (
				9267C6D92EA78A3400E3E360 /* Exceptions for "MamiBank" folder in "MamiBank" target */,
				927C188B2EA879C60096E690 /* Exceptions for "MamiBank" folder in "MamiBankTests" target */,
				927C188C2EA879C60096E690 /* Exceptions for "MamiBank" folder in "MamiBankUITests" target */,
			);
			path = MamiBank;
			sourceTree = "<group>";
		};
		9267C6CA2EA78A3400E3E360 /* MamiBankTests */ = {
			isa = PBXFileSystemSynchronizedRootGroup;
			path = MamiBankTests;
			sourceTree = "<group>";
		};
		9267C6D42EA78A3400E3E360 /* MamiBankUITests */ = {
			isa = PBXFileSystemSynchronizedRootGroup;
			path = MamiBankUITests;
			sourceTree = "<group>";
		};
/* End PBXFileSystemSynchronizedRootGroup section */

/* Begin PBXFrameworksBuildPhase section */
		9267C6AB2EA78A3000E3E360 /* Frameworks */ = {
			isa = PBXFrameworksBuildPhase;
			buildActionMask = 2147483647;
			files = (
				92ABD1502EA9E21F0017D7B5 /* SwiftHelperInit in Frameworks */,
				398C8C1CF2A1C9CF1FE89470 /* Pods_MamiBank.framework in Frameworks */,
			);
			runOnlyForDeploymentPostprocessing = 0;
		};
		9267C6C42EA78A3400E3E360 /* Frameworks */ = {
			isa = PBXFrameworksBuildPhase;
			buildActionMask = 2147483647;
			files = (
				81088799DFD53BAEBF8851EB /* Pods_MamiBankTests.framework in Frameworks */,
			);
			runOnlyForDeploymentPostprocessing = 0;
		};
		9267C6CE2EA78A3400E3E360 /* Frameworks */ = {
			isa = PBXFrameworksBuildPhase;
			buildActionMask = 2147483647;
			files = (
				75A3C535008171A54D885E2A /* Pods_MamiBank_MamiBankUITests.framework in Frameworks */,
			);
			runOnlyForDeploymentPostprocessing = 0;
		};
/* End PBXFrameworksBuildPhase section */

/* Begin PBXGroup section */
		9267C6A52EA78A3000E3E360 = {
			isa = PBXGroup;
			children = (
				9267C6B02EA78A3000E3E360 /* MamiBank */,
				9267C6CA2EA78A3400E3E360 /* MamiBankTests */,
				9267C6D42EA78A3400E3E360 /* MamiBankUITests */,
				9267C6AF2EA78A3000E3E360 /* Products */,
				A105D46F423ACC2FE439B26A /* Pods */,
				98507EBD2CF8A626BBD9DDD3 /* Frameworks */,
			);
			sourceTree = "<group>";
		};
		9267C6AF2EA78A3000E3E360 /* Products */ = {
			isa = PBXGroup;
			children = (
				9267C6AE2EA78A3000E3E360 /* Mami Dev.app */,
				9267C6C72EA78A3400E3E360 /* MamiBankTests.xctest */,
				9267C6D12EA78A3400E3E360 /* MamiBankUITests.xctest */,
			);
			name = Products;
			sourceTree = "<group>";
		};
		98507EBD2CF8A626BBD9DDD3 /* Frameworks */ = {
			isa = PBXGroup;
			children = (
				744672D4FD0F20B4F82D8DD1 /* Pods_MamiBank.framework */,
				C6E1A16D69BC60F598F29D2E /* Pods_MamiBank_MamiBankUITests.framework */,
				D886512DE39C440A8EEE3A68 /* Pods_MamiBankTests.framework */,
			);
			name = Frameworks;
			sourceTree = "<group>";
		};
		A105D46F423ACC2FE439B26A /* Pods */ = {
			isa = PBXGroup;
			children = (
				4B96151C641AA1930ECE799A /* Pods-MamiBank.debug.xcconfig */,
				9CE92E1264885DB24A55AC55 /* Pods-MamiBank.release.xcconfig */,
				9802168DCF707F16174C1337 /* Pods-MamiBank-MamiBankUITests.debug.xcconfig */,
				D2A6530431E08D26A278E956 /* Pods-MamiBank-MamiBankUITests.release.xcconfig */,
				944DD7B109D35CD1E2598023 /* Pods-MamiBankTests.debug.xcconfig */,
				7FBECEA4602EB994A6D8E8CE /* Pods-MamiBankTests.release.xcconfig */,
			);
			path = Pods;
			sourceTree = "<group>";
		};
/* End PBXGroup section */

/* Begin PBXNativeTarget section */
		9267C6AD2EA78A3000E3E360 /* MamiBank */ = {
			isa = PBXNativeTarget;
			buildConfigurationList = 9267C6DA2EA78A3400E3E360 /* Build configuration list for PBXNativeTarget "MamiBank" */;
			buildPhases = (
				43F9A5DA364BA9B109CB58EF /* [CP] Check Pods Manifest.lock */,
				9267C6AA2EA78A3000E3E360 /* Sources */,
				9267C6AB2EA78A3000E3E360 /* Frameworks */,
				9267C6AC2EA78A3000E3E360 /* Resources */,
				A12703C43C92E8F4830D3350 /* [CP] Embed Pods Frameworks */,
			);
			buildRules = (
			);
			dependencies = (
			);
			fileSystemSynchronizedGroups = (
				9267C6B02EA78A3000E3E360 /* MamiBank */,
			);
			name = MamiBank;
			productName = MamiBank;
			productReference = 9267C6AE2EA78A3000E3E360 /* Mami Dev.app */;
			productType = "com.apple.product-type.application";
		};
		9267C6C62EA78A3400E3E360 /* MamiBankTests */ = {
			isa = PBXNativeTarget;
			buildConfigurationList = 9267C6DF2EA78A3400E3E360 /* Build configuration list for PBXNativeTarget "MamiBankTests" */;
			buildPhases = (
				223F365D74511E507314B392 /* [CP] Check Pods Manifest.lock */,
				9267C6C32EA78A3400E3E360 /* Sources */,
				9267C6C42EA78A3400E3E360 /* Frameworks */,
				9267C6C52EA78A3400E3E360 /* Resources */,
			);
			buildRules = (
			);
			dependencies = (
				9267C6C92EA78A3400E3E360 /* PBXTargetDependency */,
			);
			fileSystemSynchronizedGroups = (
				9267C6CA2EA78A3400E3E360 /* MamiBankTests */,
			);
			name = MamiBankTests;
			productName = MamiBankTests;
			productReference = 9267C6C72EA78A3400E3E360 /* MamiBankTests.xctest */;
			productType = "com.apple.product-type.bundle.unit-test";
		};
		9267C6D02EA78A3400E3E360 /* MamiBankUITests */ = {
			isa = PBXNativeTarget;
			buildConfigurationList = 9267C6E22EA78A3400E3E360 /* Build configuration list for PBXNativeTarget "MamiBankUITests" */;
			buildPhases = (
				778012939A8105F0D97BE25D /* [CP] Check Pods Manifest.lock */,
				9267C6CD2EA78A3400E3E360 /* Sources */,
				9267C6CE2EA78A3400E3E360 /* Frameworks */,
				9267C6CF2EA78A3400E3E360 /* Resources */,
				8D953DB6661FE79B5D396C5C /* [CP] Embed Pods Frameworks */,
			);
			buildRules = (
			);
			dependencies = (
				9267C6D32EA78A3400E3E360 /* PBXTargetDependency */,
			);
			fileSystemSynchronizedGroups = (
				9267C6D42EA78A3400E3E360 /* MamiBankUITests */,
			);
			name = MamiBankUITests;
			productName = MamiBankUITests;
			productReference = 9267C6D12EA78A3400E3E360 /* MamiBankUITests.xctest */;
			productType = "com.apple.product-type.bundle.ui-testing";
		};
/* End PBXNativeTarget section */

/* Begin PBXProject section */
		9267C6A62EA78A3000E3E360 /* Project object */ = {
			isa = PBXProject;
			attributes = {
				BuildIndependentTargetsInParallel = 1;
				LastSwiftUpdateCheck = 2600;
				LastUpgradeCheck = 2600;
				TargetAttributes = {
					9267C6AD2EA78A3000E3E360 = {
						CreatedOnToolsVersion = 26.0;
					};
					9267C6C62EA78A3400E3E360 = {
						CreatedOnToolsVersion = 26.0;
						TestTargetID = 9267C6AD2EA78A3000E3E360;
					};
					9267C6D02EA78A3400E3E360 = {
						CreatedOnToolsVersion = 26.0;
						TestTargetID = 9267C6AD2EA78A3000E3E360;
					};
				};
			};
			buildConfigurationList = 9267C6A92EA78A3000E3E360 /* Build configuration list for PBXProject "MamiBank" */;
			developmentRegion = en;
			hasScannedForEncodings = 0;
			knownRegions = (
				en,
				Base,
				km,
			);
			mainGroup = 9267C6A52EA78A3000E3E360;
			minimizedProjectReferenceProxies = 1;
			packageReferences = (
				92ABD14E2EA9E21F0017D7B5 /* XCRemoteSwiftPackageReference "SwiftHelperInit" */,
			);
			preferredProjectObjectVersion = 77;
			productRefGroup = 9267C6AF2EA78A3000E3E360 /* Products */;
			projectDirPath = "";
			projectRoot = "";
			targets = (
				9267C6AD2EA78A3000E3E360 /* MamiBank */,
				9267C6C62EA78A3400E3E360 /* MamiBankTests */,
				9267C6D02EA78A3400E3E360 /* MamiBankUITests */,
			);
		};
/* End PBXProject section */

/* Begin PBXResourcesBuildPhase section */
		9267C6AC2EA78A3000E3E360 /* Resources */ = {
			isa = PBXResourcesBuildPhase;
			buildActionMask = 2147483647;
			files = (
			);
			runOnlyForDeploymentPostprocessing = 0;
		};
		9267C6C52EA78A3400E3E360 /* Resources */ = {
			isa = PBXResourcesBuildPhase;
			buildActionMask = 2147483647;
			files = (
			);
			runOnlyForDeploymentPostprocessing = 0;
		};
		9267C6CF2EA78A3400E3E360 /* Resources */ = {
			isa = PBXResourcesBuildPhase;
			buildActionMask = 2147483647;
			files = (
			);
			runOnlyForDeploymentPostprocessing = 0;
		};
/* End PBXResourcesBuildPhase section */

/* Begin PBXShellScriptBuildPhase section */
		223F365D74511E507314B392 /* [CP] Check Pods Manifest.lock */ = {
			isa = PBXShellScriptBuildPhase;
			buildActionMask = 2147483647;
			files = (
			);
			inputFileListPaths = (
			);
			inputPaths = (
				"${PODS_PODFILE_DIR_PATH}/Podfile.lock",
				"${PODS_ROOT}/Manifest.lock",
			);
			name = "[CP] Check Pods Manifest.lock";
			outputFileListPaths = (
			);
			outputPaths = (
				"$(DERIVED_FILE_DIR)/Pods-MamiBankTests-checkManifestLockResult.txt",
			);
			runOnlyForDeploymentPostprocessing = 0;
			shellPath = /bin/sh;
			shellScript = "diff \"${PODS_PODFILE_DIR_PATH}/Podfile.lock\" \"${PODS_ROOT}/Manifest.lock\" > /dev/null\nif [ $? != 0 ] ; then\n    # print error to STDERR\n    echo \"error: The sandbox is not in sync with the Podfile.lock. Run 'pod install' or update your CocoaPods installation.\" >&2\n    exit 1\nfi\n# This output is used by Xcode 'outputs' to avoid re-running this script phase.\necho \"SUCCESS\" > \"${SCRIPT_OUTPUT_FILE_0}\"\n";
			showEnvVarsInLog = 0;
		};
		43F9A5DA364BA9B109CB58EF /* [CP] Check Pods Manifest.lock */ = {
			isa = PBXShellScriptBuildPhase;
			buildActionMask = 2147483647;
			files = (
			);
			inputFileListPaths = (
			);
			inputPaths = (
				"${PODS_PODFILE_DIR_PATH}/Podfile.lock",
				"${PODS_ROOT}/Manifest.lock",
			);
			name = "[CP] Check Pods Manifest.lock";
			outputFileListPaths = (
			);
			outputPaths = (
				"$(DERIVED_FILE_DIR)/Pods-MamiBank-checkManifestLockResult.txt",
			);
			runOnlyForDeploymentPostprocessing = 0;
			shellPath = /bin/sh;
			shellScript = "diff \"${PODS_PODFILE_DIR_PATH}/Podfile.lock\" \"${PODS_ROOT}/Manifest.lock\" > /dev/null\nif [ $? != 0 ] ; then\n    # print error to STDERR\n    echo \"error: The sandbox is not in sync with the Podfile.lock. Run 'pod install' or update your CocoaPods installation.\" >&2\n    exit 1\nfi\n# This output is used by Xcode 'outputs' to avoid re-running this script phase.\necho \"SUCCESS\" > \"${SCRIPT_OUTPUT_FILE_0}\"\n";
			showEnvVarsInLog = 0;
		};
		778012939A8105F0D97BE25D /* [CP] Check Pods Manifest.lock */ = {
			isa = PBXShellScriptBuildPhase;
			buildActionMask = 2147483647;
			files = (
			);
			inputFileListPaths = (
			);
			inputPaths = (
				"${PODS_PODFILE_DIR_PATH}/Podfile.lock",
				"${PODS_ROOT}/Manifest.lock",
			);
			name = "[CP] Check Pods Manifest.lock";
			outputFileListPaths = (
			);
			outputPaths = (
				"$(DERIVED_FILE_DIR)/Pods-MamiBank-MamiBankUITests-checkManifestLockResult.txt",
			);
			runOnlyForDeploymentPostprocessing = 0;
			shellPath = /bin/sh;
			shellScript = "diff \"${PODS_PODFILE_DIR_PATH}/Podfile.lock\" \"${PODS_ROOT}/Manifest.lock\" > /dev/null\nif [ $? != 0 ] ; then\n    # print error to STDERR\n    echo \"error: The sandbox is not in sync with the Podfile.lock. Run 'pod install' or update your CocoaPods installation.\" >&2\n    exit 1\nfi\n# This output is used by Xcode 'outputs' to avoid re-running this script phase.\necho \"SUCCESS\" > \"${SCRIPT_OUTPUT_FILE_0}\"\n";
			showEnvVarsInLog = 0;
		};
		8D953DB6661FE79B5D396C5C /* [CP] Embed Pods Frameworks */ = {
			isa = PBXShellScriptBuildPhase;
			buildActionMask = 2147483647;
			files = (
			);
			inputFileListPaths = (
				"${PODS_ROOT}/Target Support Files/Pods-MamiBank-MamiBankUITests/Pods-MamiBank-MamiBankUITests-frameworks-${CONFIGURATION}-input-files.xcfilelist",
			);
			inputPaths = (
			);
			name = "[CP] Embed Pods Frameworks";
			outputFileListPaths = (
				"${PODS_ROOT}/Target Support Files/Pods-MamiBank-MamiBankUITests/Pods-MamiBank-MamiBankUITests-frameworks-${CONFIGURATION}-output-files.xcfilelist",
			);
			outputPaths = (
			);
			runOnlyForDeploymentPostprocessing = 0;
			shellPath = /bin/sh;
			shellScript = "\"${PODS_ROOT}/Target Support Files/Pods-MamiBank-MamiBankUITests/Pods-MamiBank-MamiBankUITests-frameworks.sh\"\n";
			showEnvVarsInLog = 0;
		};
		A12703C43C92E8F4830D3350 /* [CP] Embed Pods Frameworks */ = {
			isa = PBXShellScriptBuildPhase;
			buildActionMask = 2147483647;
			files = (
			);
			inputFileListPaths = (
				"${PODS_ROOT}/Target Support Files/Pods-MamiBank/Pods-MamiBank-frameworks-${CONFIGURATION}-input-files.xcfilelist",
			);
			inputPaths = (
			);
			name = "[CP] Embed Pods Frameworks";
			outputFileListPaths = (
				"${PODS_ROOT}/Target Support Files/Pods-MamiBank/Pods-MamiBank-frameworks-${CONFIGURATION}-output-files.xcfilelist",
			);
			outputPaths = (
			);
			runOnlyForDeploymentPostprocessing = 0;
			shellPath = /bin/sh;
			shellScript = "\"${PODS_ROOT}/Target Support Files/Pods-MamiBank/Pods-MamiBank-frameworks.sh\"\n";
			showEnvVarsInLog = 0;
		};
/* End PBXShellScriptBuildPhase section */

/* Begin PBXSourcesBuildPhase section */
		9267C6AA2EA78A3000E3E360 /* Sources */ = {
			isa = PBXSourcesBuildPhase;
			buildActionMask = 2147483647;
			files = (
			);
			runOnlyForDeploymentPostprocessing = 0;
		};
		9267C6C32EA78A3400E3E360 /* Sources */ = {
			isa = PBXSourcesBuildPhase;
			buildActionMask = 2147483647;
			files = (
			);
			runOnlyForDeploymentPostprocessing = 0;
		};
		9267C6CD2EA78A3400E3E360 /* Sources */ = {
			isa = PBXSourcesBuildPhase;
			buildActionMask = 2147483647;
			files = (
			);
			runOnlyForDeploymentPostprocessing = 0;
		};
/* End PBXSourcesBuildPhase section */

/* Begin PBXTargetDependency section */
		9267C6C92EA78A3400E3E360 /* PBXTargetDependency */ = {
			isa = PBXTargetDependency;
			target = 9267C6AD2EA78A3000E3E360 /* MamiBank */;
			targetProxy = 9267C6C82EA78A3400E3E360 /* PBXContainerItemProxy */;
		};
		9267C6D32EA78A3400E3E360 /* PBXTargetDependency */ = {
			isa = PBXTargetDependency;
			target = 9267C6AD2EA78A3000E3E360 /* MamiBank */;
			targetProxy = 9267C6D22EA78A3400E3E360 /* PBXContainerItemProxy */;
		};
/* End PBXTargetDependency section */

/* Begin XCBuildConfiguration section */
		9267C6DB2EA78A3400E3E360 /* Debug */ = {
			isa = XCBuildConfiguration;
			baseConfigurationReference = 4B96151C641AA1930ECE799A /* Pods-MamiBank.debug.xcconfig */;
			buildSettings = {
				ASSETCATALOG_COMPILER_APPICON_NAME = "$(APP_ICON_NAME)";
				ASSETCATALOG_COMPILER_GLOBAL_ACCENT_COLOR_NAME = AccentColor;
				CODE_SIGN_STYLE = Automatic;
				CURRENT_PROJECT_VERSION = 1;
				DEVELOPMENT_TEAM = FTF953N9JJ;
				GENERATE_INFOPLIST_FILE = YES;
				INFOPLIST_FILE = MamiBank/Info.plist;
				INFOPLIST_KEY_UIApplicationSupportsIndirectInputEvents = YES;
				INFOPLIST_KEY_UILaunchStoryboardName = LaunchScreen;
				INFOPLIST_KEY_UIMainStoryboardFile = Main;
				INFOPLIST_KEY_UISupportedInterfaceOrientations_iPad = "UIInterfaceOrientationPortrait UIInterfaceOrientationPortraitUpsideDown UIInterfaceOrientationLandscapeLeft UIInterfaceOrientationLandscapeRight";
				INFOPLIST_KEY_UISupportedInterfaceOrientations_iPhone = "UIInterfaceOrientationPortrait UIInterfaceOrientationLandscapeLeft UIInterfaceOrientationLandscapeRight";
				IPHONEOS_DEPLOYMENT_TARGET = 15.6;
				LD_RUNPATH_SEARCH_PATHS = (
					"$(inherited)",
					"@executable_path/Frameworks",
				);
				MARKETING_VERSION = 1.0;
				PRODUCT_BUNDLE_IDENTIFIER = "com.sida.MamiBank$(BUNDLE_ID_SUFFIX)";
				PRODUCT_NAME = "$(APP_DISPLAY_NAME)";
				STRING_CATALOG_GENERATE_SYMBOLS = YES;
				SUPPORTED_PLATFORMS = "iphoneos iphonesimulator";
				SUPPORTS_MACCATALYST = NO;
				SUPPORTS_MAC_DESIGNED_FOR_IPHONE_IPAD = NO;
				SUPPORTS_XR_DESIGNED_FOR_IPHONE_IPAD = NO;
				SWIFT_APPROACHABLE_CONCURRENCY = YES;
				SWIFT_DEFAULT_ACTOR_ISOLATION = MainActor;
				SWIFT_EMIT_LOC_STRINGS = YES;
				SWIFT_UPCOMING_FEATURE_MEMBER_IMPORT_VISIBILITY = YES;
				SWIFT_VERSION = 5.0;
				TARGETED_DEVICE_FAMILY = 1;
			};
			name = Debug;
		};
		9267C6DC2EA78A3400E3E360 /* Release */ = {
			isa = XCBuildConfiguration;
			baseConfigurationReference = 9CE92E1264885DB24A55AC55 /* Pods-MamiBank.release.xcconfig */;
			buildSettings = {
				ASSETCATALOG_COMPILER_APPICON_NAME = "$(APP_ICON_NAME)";
				ASSETCATALOG_COMPILER_GLOBAL_ACCENT_COLOR_NAME = AccentColor;
				CODE_SIGN_STYLE = Automatic;
				CURRENT_PROJECT_VERSION = 1;
				DEVELOPMENT_TEAM = FTF953N9JJ;
				GENERATE_INFOPLIST_FILE = YES;
				INFOPLIST_FILE = MamiBank/Info.plist;
				INFOPLIST_KEY_UIApplicationSupportsIndirectInputEvents = YES;
				INFOPLIST_KEY_UILaunchStoryboardName = LaunchScreen;
				INFOPLIST_KEY_UIMainStoryboardFile = Main;
				INFOPLIST_KEY_UISupportedInterfaceOrientations_iPad = "UIInterfaceOrientationPortrait UIInterfaceOrientationPortraitUpsideDown UIInterfaceOrientationLandscapeLeft UIInterfaceOrientationLandscapeRight";
				INFOPLIST_KEY_UISupportedInterfaceOrientations_iPhone = "UIInterfaceOrientationPortrait UIInterfaceOrientationLandscapeLeft UIInterfaceOrientationLandscapeRight";
				IPHONEOS_DEPLOYMENT_TARGET = 15.6;
				LD_RUNPATH_SEARCH_PATHS = (
					"$(inherited)",
					"@executable_path/Frameworks",
				);
				MARKETING_VERSION = 1.0;
				PRODUCT_BUNDLE_IDENTIFIER = "com.sida.MamiBank$(BUNDLE_ID_SUFFIX)";
				PRODUCT_NAME = "$(APP_DISPLAY_NAME)";
				STRING_CATALOG_GENERATE_SYMBOLS = YES;
				SUPPORTED_PLATFORMS = "iphoneos iphonesimulator";
				SUPPORTS_MACCATALYST = NO;
				SUPPORTS_MAC_DESIGNED_FOR_IPHONE_IPAD = NO;
				SUPPORTS_XR_DESIGNED_FOR_IPHONE_IPAD = NO;
				SWIFT_APPROACHABLE_CONCURRENCY = YES;
				SWIFT_DEFAULT_ACTOR_ISOLATION = MainActor;
				SWIFT_EMIT_LOC_STRINGS = YES;
				SWIFT_UPCOMING_FEATURE_MEMBER_IMPORT_VISIBILITY = YES;
				SWIFT_VERSION = 5.0;
				TARGETED_DEVICE_FAMILY = 1;
			};
			name = Release;
		};
		9267C6DD2EA78A3400E3E360 /* Debug */ = {
			isa = XCBuildConfiguration;
			baseConfigurationReferenceAnchor = 9267C6B02EA78A3000E3E360 /* MamiBank */;
			baseConfigurationReferenceRelativePath = Configuration/Development.xcconfig;
			buildSettings = {
				ALWAYS_SEARCH_USER_PATHS = NO;
				ASSETCATALOG_COMPILER_GENERATE_SWIFT_ASSET_SYMBOL_EXTENSIONS = YES;
				CLANG_ANALYZER_LOCALIZABILITY_NONLOCALIZED = YES;
				CLANG_ANALYZER_NONNULL = YES;
				CLANG_ANALYZER_NUMBER_OBJECT_CONVERSION = YES_AGGRESSIVE;
				CLANG_CXX_LANGUAGE_STANDARD = "gnu++20";
				CLANG_ENABLE_MODULES = YES;
				CLANG_ENABLE_OBJC_ARC = YES;
				CLANG_ENABLE_OBJC_WEAK = YES;
				CLANG_WARN_BLOCK_CAPTURE_AUTORELEASING = YES;
				CLANG_WARN_BOOL_CONVERSION = YES;
				CLANG_WARN_COMMA = YES;
				CLANG_WARN_CONSTANT_CONVERSION = YES;
				CLANG_WARN_DEPRECATED_OBJC_IMPLEMENTATIONS = YES;
				CLANG_WARN_DIRECT_OBJC_ISA_USAGE = YES_ERROR;
				CLANG_WARN_DOCUMENTATION_COMMENTS = YES;
				CLANG_WARN_EMPTY_BODY = YES;
				CLANG_WARN_ENUM_CONVERSION = YES;
				CLANG_WARN_INFINITE_RECURSION = YES;
				CLANG_WARN_INT_CONVERSION = YES;
				CLANG_WARN_NON_LITERAL_NULL_CONVERSION = YES;
				CLANG_WARN_OBJC_IMPLICIT_RETAIN_SELF = YES;
				CLANG_WARN_OBJC_LITERAL_CONVERSION = YES;
				CLANG_WARN_OBJC_ROOT_CLASS = YES_ERROR;
				CLANG_WARN_QUOTED_INCLUDE_IN_FRAMEWORK_HEADER = YES;
				CLANG_WARN_RANGE_LOOP_ANALYSIS = YES;
				CLANG_WARN_STRICT_PROTOTYPES = YES;
				CLANG_WARN_SUSPICIOUS_MOVE = YES;
				CLANG_WARN_UNGUARDED_AVAILABILITY = YES_AGGRESSIVE;
				CLANG_WARN_UNREACHABLE_CODE = YES;
				CLANG_WARN__DUPLICATE_METHOD_MATCH = YES;
				COPY_PHASE_STRIP = NO;
				DEBUG_INFORMATION_FORMAT = dwarf;
				DEVELOPMENT_TEAM = FTF953N9JJ;
				ENABLE_STRICT_OBJC_MSGSEND = YES;
				ENABLE_TESTABILITY = YES;
				ENABLE_USER_SCRIPT_SANDBOXING = NO;
				GCC_C_LANGUAGE_STANDARD = gnu17;
				GCC_DYNAMIC_NO_PIC = NO;
				GCC_NO_COMMON_BLOCKS = YES;
				GCC_OPTIMIZATION_LEVEL = 0;
				GCC_PREPROCESSOR_DEFINITIONS = (
					"DEBUG=1",
					"$(inherited)",
				);
				GCC_WARN_64_TO_32_BIT_CONVERSION = YES;
				GCC_WARN_ABOUT_RETURN_TYPE = YES_ERROR;
				GCC_WARN_UNDECLARED_SELECTOR = YES;
				GCC_WARN_UNINITIALIZED_AUTOS = YES_AGGRESSIVE;
				GCC_WARN_UNUSED_FUNCTION = YES;
				GCC_WARN_UNUSED_VARIABLE = YES;
				IPHONEOS_DEPLOYMENT_TARGET = 26.0;
				LOCALIZATION_PREFERS_STRING_CATALOGS = YES;
				MTL_ENABLE_DEBUG_INFO = INCLUDE_SOURCE;
				MTL_FAST_MATH = YES;
				ONLY_ACTIVE_ARCH = YES;
				SDKROOT = iphoneos;
				SWIFT_ACTIVE_COMPILATION_CONDITIONS = "DEBUG $(inherited)";
				SWIFT_OPTIMIZATION_LEVEL = "-Onone";
			};
			name = Debug;
		};
		9267C6DE2EA78A3400E3E360 /* Release */ = {
			isa = XCBuildConfiguration;
			baseConfigurationReferenceAnchor = 9267C6B02EA78A3000E3E360 /* MamiBank */;
			baseConfigurationReferenceRelativePath = Configuration/Production.xcconfig;
			buildSettings = {
				ALWAYS_SEARCH_USER_PATHS = NO;
				ASSETCATALOG_COMPILER_GENERATE_SWIFT_ASSET_SYMBOL_EXTENSIONS = YES;
				CLANG_ANALYZER_LOCALIZABILITY_NONLOCALIZED = YES;
				CLANG_ANALYZER_NONNULL = YES;
				CLANG_ANALYZER_NUMBER_OBJECT_CONVERSION = YES_AGGRESSIVE;
				CLANG_CXX_LANGUAGE_STANDARD = "gnu++20";
				CLANG_ENABLE_MODULES = YES;
				CLANG_ENABLE_OBJC_ARC = YES;
				CLANG_ENABLE_OBJC_WEAK = YES;
				CLANG_WARN_BLOCK_CAPTURE_AUTORELEASING = YES;
				CLANG_WARN_BOOL_CONVERSION = YES;
				CLANG_WARN_COMMA = YES;
				CLANG_WARN_CONSTANT_CONVERSION = YES;
				CLANG_WARN_DEPRECATED_OBJC_IMPLEMENTATIONS = YES;
				CLANG_WARN_DIRECT_OBJC_ISA_USAGE = YES_ERROR;
				CLANG_WARN_DOCUMENTATION_COMMENTS = YES;
				CLANG_WARN_EMPTY_BODY = YES;
				CLANG_WARN_ENUM_CONVERSION = YES;
				CLANG_WARN_INFINITE_RECURSION = YES;
				CLANG_WARN_INT_CONVERSION = YES;
				CLANG_WARN_NON_LITERAL_NULL_CONVERSION = YES;
				CLANG_WARN_OBJC_IMPLICIT_RETAIN_SELF = YES;
				CLANG_WARN_OBJC_LITERAL_CONVERSION = YES;
				CLANG_WARN_OBJC_ROOT_CLASS = YES_ERROR;
				CLANG_WARN_QUOTED_INCLUDE_IN_FRAMEWORK_HEADER = YES;
				CLANG_WARN_RANGE_LOOP_ANALYSIS = YES;
				CLANG_WARN_STRICT_PROTOTYPES = YES;
				CLANG_WARN_SUSPICIOUS_MOVE = YES;
				CLANG_WARN_UNGUARDED_AVAILABILITY = YES_AGGRESSIVE;
				CLANG_WARN_UNREACHABLE_CODE = YES;
				CLANG_WARN__DUPLICATE_METHOD_MATCH = YES;
				COPY_PHASE_STRIP = NO;
				DEBUG_INFORMATION_FORMAT = "dwarf-with-dsym";
				DEVELOPMENT_TEAM = FTF953N9JJ;
				ENABLE_NS_ASSERTIONS = NO;
				ENABLE_STRICT_OBJC_MSGSEND = YES;
				ENABLE_USER_SCRIPT_SANDBOXING = NO;
				GCC_C_LANGUAGE_STANDARD = gnu17;
				GCC_NO_COMMON_BLOCKS = YES;
				GCC_WARN_64_TO_32_BIT_CONVERSION = YES;
				GCC_WARN_ABOUT_RETURN_TYPE = YES_ERROR;
				GCC_WARN_UNDECLARED_SELECTOR = YES;
				GCC_WARN_UNINITIALIZED_AUTOS = YES_AGGRESSIVE;
				GCC_WARN_UNUSED_FUNCTION = YES;
				GCC_WARN_UNUSED_VARIABLE = YES;
				IPHONEOS_DEPLOYMENT_TARGET = 26.0;
				LOCALIZATION_PREFERS_STRING_CATALOGS = YES;
				MTL_ENABLE_DEBUG_INFO = NO;
				MTL_FAST_MATH = YES;
				SDKROOT = iphoneos;
				SWIFT_COMPILATION_MODE = wholemodule;
				VALIDATE_PRODUCT = YES;
			};
			name = Release;
		};
		9267C6E02EA78A3400E3E360 /* Debug */ = {
			isa = XCBuildConfiguration;
			baseConfigurationReference = 944DD7B109D35CD1E2598023 /* Pods-MamiBankTests.debug.xcconfig */;
			buildSettings = {
				BUNDLE_LOADER = "$(TEST_HOST)";
				CODE_SIGN_STYLE = Automatic;
				CURRENT_PROJECT_VERSION = 1;
				DEVELOPMENT_TEAM = FTF953N9JJ;
				GENERATE_INFOPLIST_FILE = YES;
				IPHONEOS_DEPLOYMENT_TARGET = 15.6;
				MARKETING_VERSION = 1.0;
				PRODUCT_BUNDLE_IDENTIFIER = com.sida.MamiBankTests;
				PRODUCT_NAME = "$(TARGET_NAME)";
				STRING_CATALOG_GENERATE_SYMBOLS = NO;
				SUPPORTED_PLATFORMS = "iphoneos iphonesimulator";
				SUPPORTS_MACCATALYST = NO;
				SUPPORTS_MAC_DESIGNED_FOR_IPHONE_IPAD = NO;
				SUPPORTS_XR_DESIGNED_FOR_IPHONE_IPAD = NO;
				SWIFT_APPROACHABLE_CONCURRENCY = YES;
				SWIFT_EMIT_LOC_STRINGS = NO;
				SWIFT_UPCOMING_FEATURE_MEMBER_IMPORT_VISIBILITY = YES;
				SWIFT_VERSION = 5.0;
				TARGETED_DEVICE_FAMILY = 1;
				TEST_HOST = "$(BUILT_PRODUCTS_DIR)/MamiBank.app/$(BUNDLE_EXECUTABLE_FOLDER_PATH)/MamiBank";
			};
			name = Debug;
		};
		9267C6E12EA78A3400E3E360 /* Release */ = {
			isa = XCBuildConfiguration;
			baseConfigurationReference = 7FBECEA4602EB994A6D8E8CE /* Pods-MamiBankTests.release.xcconfig */;
			buildSettings = {
				BUNDLE_LOADER = "$(TEST_HOST)";
				CODE_SIGN_STYLE = Automatic;
				CURRENT_PROJECT_VERSION = 1;
				DEVELOPMENT_TEAM = FTF953N9JJ;
				GENERATE_INFOPLIST_FILE = YES;
				IPHONEOS_DEPLOYMENT_TARGET = 15.6;
				MARKETING_VERSION = 1.0;
				PRODUCT_BUNDLE_IDENTIFIER = com.sida.MamiBankTests;
				PRODUCT_NAME = "$(TARGET_NAME)";
				STRING_CATALOG_GENERATE_SYMBOLS = NO;
				SUPPORTED_PLATFORMS = "iphoneos iphonesimulator";
				SUPPORTS_MACCATALYST = NO;
				SUPPORTS_MAC_DESIGNED_FOR_IPHONE_IPAD = NO;
				SUPPORTS_XR_DESIGNED_FOR_IPHONE_IPAD = NO;
				SWIFT_APPROACHABLE_CONCURRENCY = YES;
				SWIFT_EMIT_LOC_STRINGS = NO;
				SWIFT_UPCOMING_FEATURE_MEMBER_IMPORT_VISIBILITY = YES;
				SWIFT_VERSION = 5.0;
				TARGETED_DEVICE_FAMILY = 1;
				TEST_HOST = "$(BUILT_PRODUCTS_DIR)/MamiBank.app/$(BUNDLE_EXECUTABLE_FOLDER_PATH)/MamiBank";
			};
			name = Release;
		};
		9267C6E32EA78A3400E3E360 /* Debug */ = {
			isa = XCBuildConfiguration;
			baseConfigurationReference = 9802168DCF707F16174C1337 /* Pods-MamiBank-MamiBankUITests.debug.xcconfig */;
			buildSettings = {
				CODE_SIGN_STYLE = Automatic;
				CURRENT_PROJECT_VERSION = 1;
				DEVELOPMENT_TEAM = FTF953N9JJ;
				GENERATE_INFOPLIST_FILE = YES;
				IPHONEOS_DEPLOYMENT_TARGET = 15.6;
				MARKETING_VERSION = 1.0;
				PRODUCT_BUNDLE_IDENTIFIER = com.sida.MamiBankUITests;
				PRODUCT_NAME = "$(TARGET_NAME)";
				STRING_CATALOG_GENERATE_SYMBOLS = NO;
				SUPPORTED_PLATFORMS = "iphoneos iphonesimulator";
				SUPPORTS_MACCATALYST = NO;
				SUPPORTS_MAC_DESIGNED_FOR_IPHONE_IPAD = NO;
				SUPPORTS_XR_DESIGNED_FOR_IPHONE_IPAD = NO;
				SWIFT_APPROACHABLE_CONCURRENCY = YES;
				SWIFT_EMIT_LOC_STRINGS = NO;
				SWIFT_UPCOMING_FEATURE_MEMBER_IMPORT_VISIBILITY = YES;
				SWIFT_VERSION = 5.0;
				TARGETED_DEVICE_FAMILY = 1;
				TEST_TARGET_NAME = MamiBank;
			};
			name = Debug;
		};
		9267C6E42EA78A3400E3E360 /* Release */ = {
			isa = XCBuildConfiguration;
			baseConfigurationReference = D2A6530431E08D26A278E956 /* Pods-MamiBank-MamiBankUITests.release.xcconfig */;
			buildSettings = {
				CODE_SIGN_STYLE = Automatic;
				CURRENT_PROJECT_VERSION = 1;
				DEVELOPMENT_TEAM = FTF953N9JJ;
				GENERATE_INFOPLIST_FILE = YES;
				IPHONEOS_DEPLOYMENT_TARGET = 15.6;
				MARKETING_VERSION = 1.0;
				PRODUCT_BUNDLE_IDENTIFIER = com.sida.MamiBankUITests;
				PRODUCT_NAME = "$(TARGET_NAME)";
				STRING_CATALOG_GENERATE_SYMBOLS = NO;
				SUPPORTED_PLATFORMS = "iphoneos iphonesimulator";
				SUPPORTS_MACCATALYST = NO;
				SUPPORTS_MAC_DESIGNED_FOR_IPHONE_IPAD = NO;
				SUPPORTS_XR_DESIGNED_FOR_IPHONE_IPAD = NO;
				SWIFT_APPROACHABLE_CONCURRENCY = YES;
				SWIFT_EMIT_LOC_STRINGS = NO;
				SWIFT_UPCOMING_FEATURE_MEMBER_IMPORT_VISIBILITY = YES;
				SWIFT_VERSION = 5.0;
				TARGETED_DEVICE_FAMILY = 1;
				TEST_TARGET_NAME = MamiBank;
			};
			name = Release;
		};
		9267C7072EA78C2600E3E360 /* Staging */ = {
			isa = XCBuildConfiguration;
			baseConfigurationReferenceAnchor = 9267C6B02EA78A3000E3E360 /* MamiBank */;
			baseConfigurationReferenceRelativePath = Configuration/Staging.xcconfig;
			buildSettings = {
				ALWAYS_SEARCH_USER_PATHS = NO;
				ASSETCATALOG_COMPILER_GENERATE_SWIFT_ASSET_SYMBOL_EXTENSIONS = YES;
				CLANG_ANALYZER_LOCALIZABILITY_NONLOCALIZED = YES;
				CLANG_ANALYZER_NONNULL = YES;
				CLANG_ANALYZER_NUMBER_OBJECT_CONVERSION = YES_AGGRESSIVE;
				CLANG_CXX_LANGUAGE_STANDARD = "gnu++20";
				CLANG_ENABLE_MODULES = YES;
				CLANG_ENABLE_OBJC_ARC = YES;
				CLANG_ENABLE_OBJC_WEAK = YES;
				CLANG_WARN_BLOCK_CAPTURE_AUTORELEASING = YES;
				CLANG_WARN_BOOL_CONVERSION = YES;
				CLANG_WARN_COMMA = YES;
				CLANG_WARN_CONSTANT_CONVERSION = YES;
				CLANG_WARN_DEPRECATED_OBJC_IMPLEMENTATIONS = YES;
				CLANG_WARN_DIRECT_OBJC_ISA_USAGE = YES_ERROR;
				CLANG_WARN_DOCUMENTATION_COMMENTS = YES;
				CLANG_WARN_EMPTY_BODY = YES;
				CLANG_WARN_ENUM_CONVERSION = YES;
				CLANG_WARN_INFINITE_RECURSION = YES;
				CLANG_WARN_INT_CONVERSION = YES;
				CLANG_WARN_NON_LITERAL_NULL_CONVERSION = YES;
				CLANG_WARN_OBJC_IMPLICIT_RETAIN_SELF = YES;
				CLANG_WARN_OBJC_LITERAL_CONVERSION = YES;
				CLANG_WARN_OBJC_ROOT_CLASS = YES_ERROR;
				CLANG_WARN_QUOTED_INCLUDE_IN_FRAMEWORK_HEADER = YES;
				CLANG_WARN_RANGE_LOOP_ANALYSIS = YES;
				CLANG_WARN_STRICT_PROTOTYPES = YES;
				CLANG_WARN_SUSPICIOUS_MOVE = YES;
				CLANG_WARN_UNGUARDED_AVAILABILITY = YES_AGGRESSIVE;
				CLANG_WARN_UNREACHABLE_CODE = YES;
				CLANG_WARN__DUPLICATE_METHOD_MATCH = YES;
				COPY_PHASE_STRIP = NO;
				DEBUG_INFORMATION_FORMAT = "dwarf-with-dsym";
				DEVELOPMENT_TEAM = FTF953N9JJ;
				ENABLE_NS_ASSERTIONS = NO;
				ENABLE_STRICT_OBJC_MSGSEND = YES;
				ENABLE_USER_SCRIPT_SANDBOXING = NO;
				GCC_C_LANGUAGE_STANDARD = gnu17;
				GCC_NO_COMMON_BLOCKS = YES;
				GCC_WARN_64_TO_32_BIT_CONVERSION = YES;
				GCC_WARN_ABOUT_RETURN_TYPE = YES_ERROR;
				GCC_WARN_UNDECLARED_SELECTOR = YES;
				GCC_WARN_UNINITIALIZED_AUTOS = YES_AGGRESSIVE;
				GCC_WARN_UNUSED_FUNCTION = YES;
				GCC_WARN_UNUSED_VARIABLE = YES;
				IPHONEOS_DEPLOYMENT_TARGET = 26.0;
				LOCALIZATION_PREFERS_STRING_CATALOGS = YES;
				MTL_ENABLE_DEBUG_INFO = NO;
				MTL_FAST_MATH = YES;
				SDKROOT = iphoneos;
				SWIFT_COMPILATION_MODE = wholemodule;
				VALIDATE_PRODUCT = YES;
			};
			name = Staging;
		};
		9267C7082EA78C2600E3E360 /* Staging */ = {
			isa = XCBuildConfiguration;
			baseConfigurationReference = 9CE92E1264885DB24A55AC55 /* Pods-MamiBank.release.xcconfig */;
			buildSettings = {
				ASSETCATALOG_COMPILER_APPICON_NAME = "$(APP_ICON_NAME)";
				ASSETCATALOG_COMPILER_GLOBAL_ACCENT_COLOR_NAME = AccentColor;
				CODE_SIGN_STYLE = Automatic;
				CURRENT_PROJECT_VERSION = 1;
				DEVELOPMENT_TEAM = FTF953N9JJ;
				GENERATE_INFOPLIST_FILE = YES;
				INFOPLIST_FILE = MamiBank/Info.plist;
				INFOPLIST_KEY_UIApplicationSupportsIndirectInputEvents = YES;
				INFOPLIST_KEY_UILaunchStoryboardName = LaunchScreen;
				INFOPLIST_KEY_UIMainStoryboardFile = Main;
				INFOPLIST_KEY_UISupportedInterfaceOrientations_iPad = "UIInterfaceOrientationPortrait UIInterfaceOrientationPortraitUpsideDown UIInterfaceOrientationLandscapeLeft UIInterfaceOrientationLandscapeRight";
				INFOPLIST_KEY_UISupportedInterfaceOrientations_iPhone = "UIInterfaceOrientationPortrait UIInterfaceOrientationLandscapeLeft UIInterfaceOrientationLandscapeRight";
				IPHONEOS_DEPLOYMENT_TARGET = 15.6;
				LD_RUNPATH_SEARCH_PATHS = (
					"$(inherited)",
					"@executable_path/Frameworks",
				);
				MARKETING_VERSION = 1.0;
				PRODUCT_BUNDLE_IDENTIFIER = "com.sida.MamiBank$(BUNDLE_ID_SUFFIX)";
				PRODUCT_NAME = "$(APP_DISPLAY_NAME)";
				STRING_CATALOG_GENERATE_SYMBOLS = YES;
				SUPPORTED_PLATFORMS = "iphoneos iphonesimulator";
				SUPPORTS_MACCATALYST = NO;
				SUPPORTS_MAC_DESIGNED_FOR_IPHONE_IPAD = NO;
				SUPPORTS_XR_DESIGNED_FOR_IPHONE_IPAD = NO;
				SWIFT_APPROACHABLE_CONCURRENCY = YES;
				SWIFT_DEFAULT_ACTOR_ISOLATION = MainActor;
				SWIFT_EMIT_LOC_STRINGS = YES;
				SWIFT_UPCOMING_FEATURE_MEMBER_IMPORT_VISIBILITY = YES;
				SWIFT_VERSION = 5.0;
				TARGETED_DEVICE_FAMILY = 1;
			};
			name = Staging;
		};
		9267C7092EA78C2600E3E360 /* Staging */ = {
			isa = XCBuildConfiguration;
			baseConfigurationReference = 7FBECEA4602EB994A6D8E8CE /* Pods-MamiBankTests.release.xcconfig */;
			buildSettings = {
				BUNDLE_LOADER = "$(TEST_HOST)";
				CODE_SIGN_STYLE = Automatic;
				CURRENT_PROJECT_VERSION = 1;
				DEVELOPMENT_TEAM = FTF953N9JJ;
				GENERATE_INFOPLIST_FILE = YES;
				IPHONEOS_DEPLOYMENT_TARGET = 15.6;
				MARKETING_VERSION = 1.0;
				PRODUCT_BUNDLE_IDENTIFIER = com.sida.MamiBankTests;
				PRODUCT_NAME = "$(TARGET_NAME)";
				STRING_CATALOG_GENERATE_SYMBOLS = NO;
				SUPPORTED_PLATFORMS = "iphoneos iphonesimulator";
				SUPPORTS_MACCATALYST = NO;
				SUPPORTS_MAC_DESIGNED_FOR_IPHONE_IPAD = NO;
				SUPPORTS_XR_DESIGNED_FOR_IPHONE_IPAD = NO;
				SWIFT_APPROACHABLE_CONCURRENCY = YES;
				SWIFT_EMIT_LOC_STRINGS = NO;
				SWIFT_UPCOMING_FEATURE_MEMBER_IMPORT_VISIBILITY = YES;
				SWIFT_VERSION = 5.0;
				TARGETED_DEVICE_FAMILY = 1;
				TEST_HOST = "$(BUILT_PRODUCTS_DIR)/MamiBank.app/$(BUNDLE_EXECUTABLE_FOLDER_PATH)/MamiBank";
			};
			name = Staging;
		};
		9267C70A2EA78C2600E3E360 /* Staging */ = {
			isa = XCBuildConfiguration;
			baseConfigurationReference = D2A6530431E08D26A278E956 /* Pods-MamiBank-MamiBankUITests.release.xcconfig */;
			buildSettings = {
				CODE_SIGN_STYLE = Automatic;
				CURRENT_PROJECT_VERSION = 1;
				DEVELOPMENT_TEAM = FTF953N9JJ;
				GENERATE_INFOPLIST_FILE = YES;
				IPHONEOS_DEPLOYMENT_TARGET = 15.6;
				MARKETING_VERSION = 1.0;
				PRODUCT_BUNDLE_IDENTIFIER = com.sida.MamiBankUITests;
				PRODUCT_NAME = "$(TARGET_NAME)";
				STRING_CATALOG_GENERATE_SYMBOLS = NO;
				SUPPORTED_PLATFORMS = "iphoneos iphonesimulator";
				SUPPORTS_MACCATALYST = NO;
				SUPPORTS_MAC_DESIGNED_FOR_IPHONE_IPAD = NO;
				SUPPORTS_XR_DESIGNED_FOR_IPHONE_IPAD = NO;
				SWIFT_APPROACHABLE_CONCURRENCY = YES;
				SWIFT_EMIT_LOC_STRINGS = NO;
				SWIFT_UPCOMING_FEATURE_MEMBER_IMPORT_VISIBILITY = YES;
				SWIFT_VERSION = 5.0;
				TARGETED_DEVICE_FAMILY = 1;
				TEST_TARGET_NAME = MamiBank;
			};
			name = Staging;
		};
/* End XCBuildConfiguration section */

/* Begin XCConfigurationList section */
		9267C6A92EA78A3000E3E360 /* Build configuration list for PBXProject "MamiBank" */ = {
			isa = XCConfigurationList;
			buildConfigurations = (
				9267C6DD2EA78A3400E3E360 /* Debug */,
				9267C6DE2EA78A3400E3E360 /* Release */,
				9267C7072EA78C2600E3E360 /* Staging */,
			);
			defaultConfigurationIsVisible = 0;
			defaultConfigurationName = Release;
		};
		9267C6DA2EA78A3400E3E360 /* Build configuration list for PBXNativeTarget "MamiBank" */ = {
			isa = XCConfigurationList;
			buildConfigurations = (
				9267C6DB2EA78A3400E3E360 /* Debug */,
				9267C6DC2EA78A3400E3E360 /* Release */,
				9267C7082EA78C2600E3E360 /* Staging */,
			);
			defaultConfigurationIsVisible = 0;
			defaultConfigurationName = Release;
		};
		9267C6DF2EA78A3400E3E360 /* Build configuration list for PBXNativeTarget "MamiBankTests" */ = {
			isa = XCConfigurationList;
			buildConfigurations = (
				9267C6E02EA78A3400E3E360 /* Debug */,
				9267C6E12EA78A3400E3E360 /* Release */,
				9267C7092EA78C2600E3E360 /* Staging */,
			);
			defaultConfigurationIsVisible = 0;
			defaultConfigurationName = Release;
		};
		9267C6E22EA78A3400E3E360 /* Build configuration list for PBXNativeTarget "MamiBankUITests" */ = {
			isa = XCConfigurationList;
			buildConfigurations = (
				9267C6E32EA78A3400E3E360 /* Debug */,
				9267C6E42EA78A3400E3E360 /* Release */,
				9267C70A2EA78C2600E3E360 /* Staging */,
			);
			defaultConfigurationIsVisible = 0;
			defaultConfigurationName = Release;
		};
/* End XCConfigurationList section */

/* Begin XCRemoteSwiftPackageReference section */
		92ABD14E2EA9E21F0017D7B5 /* XCRemoteSwiftPackageReference "SwiftHelperInit" */ = {
			isa = XCRemoteSwiftPackageReference;
			repositoryURL = "https://github.com/SidaHoil/SwiftHelperInit";
			requirement = {
				branch = main;
				kind = branch;
			};
		};
/* End XCRemoteSwiftPackageReference section */

/* Begin XCSwiftPackageProductDependency section */
		92ABD14F2EA9E21F0017D7B5 /* SwiftHelperInit */ = {
			isa = XCSwiftPackageProductDependency;
			package = 92ABD14E2EA9E21F0017D7B5 /* XCRemoteSwiftPackageReference "SwiftHelperInit" */;
			productName = SwiftHelperInit;
		};
/* End XCSwiftPackageProductDependency section */
	};
	rootObject = 9267C6A62EA78A3000E3E360 /* Project object */;
}
