// !$*UTF8*$!
{
	archiveVersion = 1;
	classes = {
	};
	objectVersion = 77;
	objects = {

/* Begin PBXBuildFile section */
		0161B3C8C781C38A7BF0DDA5 /* Pods_MamiBank_MamiBankUITests.framework in Frameworks */ = {isa = PBXBuildFile; fileRef = 58AC85DEDE8B32D2DBE0F142 /* Pods_MamiBank_MamiBankUITests.framework */; };
		805151A361419EA818832BBD /* Pods_MamiBankTests.framework in Frameworks */ = {isa = PBXBuildFile; fileRef = 2BBBFF1865DCBF86F92F6924 /* Pods_MamiBankTests.framework */; };
		9280A4222ECC202B008F2D2C /* SwiftHelperInit in Frameworks */ = {isa = PBXBuildFile; productRef = 9280A4212ECC202B008F2D2C /* SwiftHelperInit */; };
		BF5FC4AAFC7D967599954E88 /* Pods_MamiBank.framework in Frameworks */ = {isa = PBXBuildFile; fileRef = 8450D455524846162E5CDE07 /* Pods_MamiBank.framework */; };
/* End PBXBuildFile section */

/* Begin PBXContainerItemProxy section */
		9267C6C82EA78A3400E3E360 /* PBXContainerItemProxy */ = {
			isa = PBXContainerItemProxy;
			containerPortal = 9267C6A62EA78A3000E3E360 /* Project object */;
			proxyType = 1;
			remoteGlobalIDString = 9267C6AD2EA78A3000E3E360;
			remoteInfo = MamiBank;
		};
		9267C6D22EA78A3400E3E360 /* PBXContainerItemProxy */ = {
			isa = PBXContainerItemProxy;
			containerPortal = 9267C6A62EA78A3000E3E360 /* Project object */;
			proxyType = 1;
			remoteGlobalIDString = 9267C6AD2EA78A3000E3E360;
			remoteInfo = MamiBank;
		};
/* End PBXContainerItemProxy section */

/* Begin PBXFileReference section */
		082B4FEA6A92AEAE5BA8B2C4 /* Pods-MamiBank.release.xcconfig */ = {isa = PBXFileReference; includeInIndex = 1; lastKnownFileType = text.xcconfig; name = "Pods-MamiBank.release.xcconfig"; path = "Target Support Files/Pods-MamiBank/Pods-MamiBank.release.xcconfig"; sourceTree = "<group>"; };
		1662B34BAADA8F48FE67D6A2 /* Pods-MamiBankTests.release.xcconfig */ = {isa = PBXFileReference; includeInIndex = 1; lastKnownFileType = text.xcconfig; name = "Pods-MamiBankTests.release.xcconfig"; path = "Target Support Files/Pods-MamiBankTests/Pods-MamiBankTests.release.xcconfig"; sourceTree = "<group>"; };
		2BBBFF1865DCBF86F92F6924 /* Pods_MamiBankTests.framework */ = {isa = PBXFileReference; explicitFileType = wrapper.framework; includeInIndex = 0; path = Pods_MamiBankTests.framework; sourceTree = BUILT_PRODUCTS_DIR; };
		5644C42F0EE26C084C82AB48 /* Pods-MamiBank-MamiBankUITests.release.xcconfig */ = {isa = PBXFileReference; includeInIndex = 1; lastKnownFileType = text.xcconfig; name = "Pods-MamiBank-MamiBankUITests.release.xcconfig"; path = "Target Support Files/Pods-MamiBank-MamiBankUITests/Pods-MamiBank-MamiBankUITests.release.xcconfig"; sourceTree = "<group>"; };
		58AC85DEDE8B32D2DBE0F142 /* Pods_MamiBank_MamiBankUITests.framework */ = {isa = PBXFileReference; explicitFileType = wrapper.framework; includeInIndex = 0; path = Pods_MamiBank_MamiBankUITests.framework; sourceTree = BUILT_PRODUCTS_DIR; };
		594A2FB5AA4290D7A90C49D6 /* Pods-MamiBankTests.staging.xcconfig */ = {isa = PBXFileReference; includeInIndex = 1; lastKnownFileType = text.xcconfig; name = "Pods-MamiBankTests.staging.xcconfig"; path = "Target Support Files/Pods-MamiBankTests/Pods-MamiBankTests.staging.xcconfig"; sourceTree = "<group>"; };
		67D279F783A87ED883923D38 /* Pods-MamiBank.staging.xcconfig */ = {isa = PBXFileReference; includeInIndex = 1; lastKnownFileType = text.xcconfig; name = "Pods-MamiBank.staging.xcconfig"; path = "Target Support Files/Pods-MamiBank/Pods-MamiBank.staging.xcconfig"; sourceTree = "<group>"; };
		7154E53D28F56CEA929CA973 /* Pods-MamiBank.debug.xcconfig */ = {isa = PBXFileReference; includeInIndex = 1; lastKnownFileType = text.xcconfig; name = "Pods-MamiBank.debug.xcconfig"; path = "Target Support Files/Pods-MamiBank/Pods-MamiBank.debug.xcconfig"; sourceTree = "<group>"; };
		7415C162890035D13119A3DE /* Pods-MamiBank-MamiBankUITests.tests.xcconfig */ = {isa = PBXFileReference; includeInIndex = 1; lastKnownFileType = text.xcconfig; name = "Pods-MamiBank-MamiBankUITests.tests.xcconfig"; path = "Target Support Files/Pods-MamiBank-MamiBankUITests/Pods-MamiBank-MamiBankUITests.tests.xcconfig"; sourceTree = "<group>"; };
		8450D455524846162E5CDE07 /* Pods_MamiBank.framework */ = {isa = PBXFileReference; explicitFileType = wrapper.framework; includeInIndex = 0; path = Pods_MamiBank.framework; sourceTree = BUILT_PRODUCTS_DIR; };
		8ACE8E0AB8CD68077952B43C /* Pods-MamiBankTests.debug.xcconfig */ = {isa = PBXFileReference; includeInIndex = 1; lastKnownFileType = text.xcconfig; name = "Pods-MamiBankTests.debug.xcconfig"; path = "Target Support Files/Pods-MamiBankTests/Pods-MamiBankTests.debug.xcconfig"; sourceTree = "<group>"; };
		9267C6AE2EA78A3000E3E360 /* Mami Dev.app */ = {isa = PBXFileReference; explicitFileType = wrapper.application; includeInIndex = 0; path = "Mami Dev.app"; sourceTree = BUILT_PRODUCTS_DIR; };
		9267C6C72EA78A3400E3E360 /* MamiBankTests.xctest */ = {isa = PBXFileReference; explicitFileType = wrapper.cfbundle; includeInIndex = 0; path = MamiBankTests.xctest; sourceTree = BUILT_PRODUCTS_DIR; };
		9267C6D12EA78A3400E3E360 /* MamiBankUITests.xctest */ = {isa = PBXFileReference; explicitFileType = wrapper.cfbundle; includeInIndex = 0; path = MamiBankUITests.xctest; sourceTree = BUILT_PRODUCTS_DIR; };
		A23DE13A3E35CEF61667AFC7 /* Pods-MamiBank-MamiBankUITests.debug.xcconfig */ = {isa = PBXFileReference; includeInIndex = 1; lastKnownFileType = text.xcconfig; name = "Pods-MamiBank-MamiBankUITests.debug.xcconfig"; path = "Target Support Files/Pods-MamiBank-MamiBankUITests/Pods-MamiBank-MamiBankUITests.debug.xcconfig"; sourceTree = "<group>"; };
		C0F8A9F112520B523A5F965D /* Pods-MamiBank-MamiBankUITests.staging.xcconfig */ = {isa = PBXFileReference; includeInIndex = 1; lastKnownFileType = text.xcconfig; name = "Pods-MamiBank-MamiBankUITests.staging.xcconfig"; path = "Target Support Files/Pods-MamiBank-MamiBankUITests/Pods-MamiBank-MamiBankUITests.staging.xcconfig"; sourceTree = "<group>"; };
		D177C23B797D7E0443ADBAC3 /* Pods-MamiBankTests.tests.xcconfig */ = {isa = PBXFileReference; includeInIndex = 1; lastKnownFileType = text.xcconfig; name = "Pods-MamiBankTests.tests.xcconfig"; path = "Target Support Files/Pods-MamiBankTests/Pods-MamiBankTests.tests.xcconfig"; sourceTree = "<group>"; };
		F552880CA31ABE02D97FADE4 /* Pods-MamiBank.tests.xcconfig */ = {isa = PBXFileReference; includeInIndex = 1; lastKnownFileType = text.xcconfig; name = "Pods-MamiBank.tests.xcconfig"; path = "Target Support Files/Pods-MamiBank/Pods-MamiBank.tests.xcconfig"; sourceTree = "<group>"; };
/* End PBXFileReference section */

/* Begin PBXFileSystemSynchronizedBuildFileExceptionSet section */
		920136BB2EE2D18600B4B720 /* Exceptions for "MamiBankUITests" folder in "MamiBank" target */ = {
			isa = PBXFileSystemSynchronizedBuildFileExceptionSet;
			membershipExceptions = (
				Tests.xcconfig,
			);
			target = 9267C6AD2EA78A3000E3E360 /* MamiBank */;
		};
		920136BC2EE2D18600B4B720 /* Exceptions for "MamiBankUITests" folder in "MamiBankUITests" target */ = {
			isa = PBXFileSystemSynchronizedBuildFileExceptionSet;
			membershipExceptions = (
				Tests.xcconfig,
			);
			target = 9267C6D02EA78A3400E3E360 /* MamiBankUITests */;
		};
		9267C6D92EA78A3400E3E360 /* Exceptions for "MamiBank" folder in "MamiBank" target */ = {
			isa = PBXFileSystemSynchronizedBuildFileExceptionSet;
			membershipExceptions = (
				Info.plist,
			);
			target = 9267C6AD2EA78A3000E3E360 /* MamiBank */;
		};
		927C188B2EA879C60096E690 /* Exceptions for "MamiBank" folder in "MamiBankTests" target */ = {
			isa = PBXFileSystemSynchronizedBuildFileExceptionSet;
			membershipExceptions = (
				"/Localized: Shared/Resources/Localizable.strings",
				Features/Login/LoginModel.swift,
				Features/Login/LoginRepository.swift,
				Features/Login/LoginResponseModel.swift,
				Features/Login/LoginViewController.swift,
				Features/Login/LoginViewModel.swift,
				Shared/Resources/Mocks/LoginMockResponse.geojson,
			);
			target = 9267C6C62EA78A3400E3E360 /* MamiBankTests */;
		};
		927C188C2EA879C60096E690 /* Exceptions for "MamiBank" folder in "MamiBankUITests" target */ = {
			isa = PBXFileSystemSynchronizedBuildFileExceptionSet;
			membershipExceptions = (
				"/Localized: Shared/Resources/Localizable.strings",
				Features/Login/LoginModel.swift,
				Features/Login/LoginRepository.swift,
				Features/Login/LoginResponseModel.swift,
				Features/Login/LoginViewController.swift,
				Features/Login/LoginViewModel.swift,
				Shared/Resources/Mocks/LoginMockResponse.geojson,
			);
			target = 9267C6D02EA78A3400E3E360 /* MamiBankUITests */;
		};
/* End PBXFileSystemSynchronizedBuildFileExceptionSet section */

/* Begin PBXFileSystemSynchronizedRootGroup section */
		9267C6B02EA78A3000E3E360 /* MamiBank */ = {
			isa = PBXFileSystemSynchronizedRootGroup;
			exceptions = (
				9267C6D92EA78A3400E3E360 /* Exceptions for "MamiBank" folder in "MamiBank" target */,
				927C188B2EA879C60096E690 /* Exceptions for "MamiBank" folder in "MamiBankTests" target */,
				927C188C2EA879C60096E690 /* Exceptions for "MamiBank" folder in "MamiBankUITests" target */,
			);
			path = MamiBank;
			sourceTree = "<group>";
		};
		9267C6CA2EA78A3400E3E360 /* MamiBankTests */ = {
			isa = PBXFileSystemSynchronizedRootGroup;
			path = MamiBankTests;
			sourceTree = "<group>";
		};
		9267C6D42EA78A3400E3E360 /* MamiBankUITests */ = {
			isa = PBXFileSystemSynchronizedRootGroup;
			exceptions = (
				920136BB2EE2D18600B4B720 /* Exceptions for "MamiBankUITests" folder in "MamiBank" target */,
				920136BC2EE2D18600B4B720 /* Exceptions for "MamiBankUITests" folder in "MamiBankUITests" target */,
			);
			path = MamiBankUITests;
			sourceTree = "<group>";
		};
/* End PBXFileSystemSynchronizedRootGroup section */

/* Begin PBXFrameworksBuildPhase section */
		9267C6AB2EA78A3000E3E360 /* Frameworks */ = {
			isa = PBXFrameworksBuildPhase;
			buildActionMask = 2147483647;
			files = (
				9280A4222ECC202B008F2D2C /* SwiftHelperInit in Frameworks */,
				BF5FC4AAFC7D967599954E88 /* Pods_MamiBank.framework in Frameworks */,
			);
			runOnlyForDeploymentPostprocessing = 0;
		};
		9267C6C42EA78A3400E3E360 /* Frameworks */ = {
			isa = PBXFrameworksBuildPhase;
			buildActionMask = 2147483647;
			files = (
				805151A361419EA818832BBD /* Pods_MamiBankTests.framework in Frameworks */,
			);
			runOnlyForDeploymentPostprocessing = 0;
		};
		9267C6CE2EA78A3400E3E360 /* Frameworks */ = {
			isa = PBXFrameworksBuildPhase;
			buildActionMask = 2147483647;
			files = (
				0161B3C8C781C38A7BF0DDA5 /* Pods_MamiBank_MamiBankUITests.framework in Frameworks */,
			);
			runOnlyForDeploymentPostprocessing = 0;
		};
/* End PBXFrameworksBuildPhase section */

/* Begin PBXGroup section */
		122107DA45249EF2C6558B99 /* Frameworks */ = {
			isa = PBXGroup;
			children = (
				8450D455524846162E5CDE07 /* Pods_MamiBank.framework */,
				58AC85DEDE8B32D2DBE0F142 /* Pods_MamiBank_MamiBankUITests.framework */,
				2BBBFF1865DCBF86F92F6924 /* Pods_MamiBankTests.framework */,
			);
			name = Frameworks;
			sourceTree = "<group>";
		};
		9267C6A52EA78A3000E3E360 = {
			isa = PBXGroup;
			children = (
				9267C6B02EA78A3000E3E360 /* MamiBank */,
				9267C6CA2EA78A3400E3E360 /* MamiBankTests */,
				9267C6D42EA78A3400E3E360 /* MamiBankUITests */,
				9267C6AF2EA78A3000E3E360 /* Products */,
				A105D46F423ACC2FE439B26A /* Pods */,
				122107DA45249EF2C6558B99 /* Frameworks */,
			);
			sourceTree = "<group>";
		};
		9267C6AF2EA78A3000E3E360 /* Products */ = {
			isa = PBXGroup;
			children = (
				9267C6AE2EA78A3000E3E360 /* Mami Dev.app */,
				9267C6C72EA78A3400E3E360 /* MamiBankTests.xctest */,
				9267C6D12EA78A3400E3E360 /* MamiBankUITests.xctest */,
			);
			name = Products;
			sourceTree = "<group>";
		};
		A105D46F423ACC2FE439B26A /* Pods */ = {
			isa = PBXGroup;
			children = (
				7154E53D28F56CEA929CA973 /* Pods-MamiBank.debug.xcconfig */,
				F552880CA31ABE02D97FADE4 /* Pods-MamiBank.tests.xcconfig */,
				082B4FEA6A92AEAE5BA8B2C4 /* Pods-MamiBank.release.xcconfig */,
				67D279F783A87ED883923D38 /* Pods-MamiBank.staging.xcconfig */,
				A23DE13A3E35CEF61667AFC7 /* Pods-MamiBank-MamiBankUITests.debug.xcconfig */,
				7415C162890035D13119A3DE /* Pods-MamiBank-MamiBankUITests.tests.xcconfig */,
				5644C42F0EE26C084C82AB48 /* Pods-MamiBank-MamiBankUITests.release.xcconfig */,
				C0F8A9F112520B523A5F965D /* Pods-MamiBank-MamiBankUITests.staging.xcconfig */,
				8ACE8E0AB8CD68077952B43C /* Pods-MamiBankTests.debug.xcconfig */,
				D177C23B797D7E0443ADBAC3 /* Pods-MamiBankTests.tests.xcconfig */,
				1662B34BAADA8F48FE67D6A2 /* Pods-MamiBankTests.release.xcconfig */,
				594A2FB5AA4290D7A90C49D6 /* Pods-MamiBankTests.staging.xcconfig */,
			);
			path = Pods;
			sourceTree = "<group>";
		};
/* End PBXGroup section */

/* Begin PBXNativeTarget section */
		9267C6AD2EA78A3000E3E360 /* MamiBank */ = {
			isa = PBXNativeTarget;
			buildConfigurationList = 9267C6DA2EA78A3400E3E360 /* Build configuration list for PBXNativeTarget "MamiBank" */;
			buildPhases = (
				B115BB9F4120D9495A659FE4 /* [CP] Check Pods Manifest.lock */,
				9267C6AA2EA78A3000E3E360 /* Sources */,
				9267C6AB2EA78A3000E3E360 /* Frameworks */,
				9267C6AC2EA78A3000E3E360 /* Resources */,
				719FC16734380F22D742900E /* [CP] Embed Pods Frameworks */,
				9227E9942EDD4706009EA2A3 /* SwiftLint */,
			);
			buildRules = (
			);
			dependencies = (
			);
			fileSystemSynchronizedGroups = (
				9267C6B02EA78A3000E3E360 /* MamiBank */,
			);
			name = MamiBank;
			productName = MamiBank;
			productReference = 9267C6AE2EA78A3000E3E360 /* Mami Dev.app */;
			productType = "com.apple.product-type.application";
		};
		9267C6C62EA78A3400E3E360 /* MamiBankTests */ = {
			isa = PBXNativeTarget;
			buildConfigurationList = 9267C6DF2EA78A3400E3E360 /* Build configuration list for PBXNativeTarget "MamiBankTests" */;
			buildPhases = (
				86584B72C55C4463035922DD /* [CP] Check Pods Manifest.lock */,
				9267C6C32EA78A3400E3E360 /* Sources */,
				9267C6C42EA78A3400E3E360 /* Frameworks */,
				9267C6C52EA78A3400E3E360 /* Resources */,
			);
			buildRules = (
			);
			dependencies = (
				9267C6C92EA78A3400E3E360 /* PBXTargetDependency */,
			);
			fileSystemSynchronizedGroups = (
				9267C6CA2EA78A3400E3E360 /* MamiBankTests */,
			);
			name = MamiBankTests;
			productName = MamiBankTests;
			productReference = 9267C6C72EA78A3400E3E360 /* MamiBankTests.xctest */;
			productType = "com.apple.product-type.bundle.unit-test";
		};
		9267C6D02EA78A3400E3E360 /* MamiBankUITests */ = {
			isa = PBXNativeTarget;
			buildConfigurationList = 9267C6E22EA78A3400E3E360 /* Build configuration list for PBXNativeTarget "MamiBankUITests" */;
			buildPhases = (
				21B0AAA77DFC44E2F57491EC /* [CP] Check Pods Manifest.lock */,
				9267C6CD2EA78A3400E3E360 /* Sources */,
				9267C6CE2EA78A3400E3E360 /* Frameworks */,
				9267C6CF2EA78A3400E3E360 /* Resources */,
				49C76D847E934181F2537A0A /* [CP] Embed Pods Frameworks */,
			);
			buildRules = (
			);
			dependencies = (
				9267C6D32EA78A3400E3E360 /* PBXTargetDependency */,
			);
			fileSystemSynchronizedGroups = (
				9267C6D42EA78A3400E3E360 /* MamiBankUITests */,
			);
			name = MamiBankUITests;
			productName = MamiBankUITests;
			productReference = 9267C6D12EA78A3400E3E360 /* MamiBankUITests.xctest */;
			productType = "com.apple.product-type.bundle.ui-testing";
		};
/* End PBXNativeTarget section */

/* Begin PBXProject section */
		9267C6A62EA78A3000E3E360 /* Project object */ = {
			isa = PBXProject;
			attributes = {
				BuildIndependentTargetsInParallel = 1;
				LastSwiftUpdateCheck = 2600;
				LastUpgradeCheck = 2600;
				TargetAttributes = {
					9267C6AD2EA78A3000E3E360 = {
						CreatedOnToolsVersion = 26.0;
					};
					9267C6C62EA78A3400E3E360 = {
						CreatedOnToolsVersion = 26.0;
						TestTargetID = 9267C6AD2EA78A3000E3E360;
					};
					9267C6D02EA78A3400E3E360 = {
						CreatedOnToolsVersion = 26.0;
						TestTargetID = 9267C6AD2EA78A3000E3E360;
					};
				};
			};
			buildConfigurationList = 9267C6A92EA78A3000E3E360 /* Build configuration list for PBXProject "MamiBank" */;
			developmentRegion = en;
			hasScannedForEncodings = 0;
			knownRegions = (
				en,
				Base,
				km,
			);
			mainGroup = 9267C6A52EA78A3000E3E360;
			minimizedProjectReferenceProxies = 1;
			packageReferences = (
				9280A4202ECC202B008F2D2C /* XCRemoteSwiftPackageReference "SwiftHelperInit" */,
			);
			preferredProjectObjectVersion = 77;
			productRefGroup = 9267C6AF2EA78A3000E3E360 /* Products */;
			projectDirPath = "";
			projectRoot = "";
			targets = (
				9267C6AD2EA78A3000E3E360 /* MamiBank */,
				9267C6C62EA78A3400E3E360 /* MamiBankTests */,
				9267C6D02EA78A3400E3E360 /* MamiBankUITests */,
			);
		};
/* End PBXProject section */

/* Begin PBXResourcesBuildPhase section */
		9267C6AC2EA78A3000E3E360 /* Resources */ = {
			isa = PBXResourcesBuildPhase;
			buildActionMask = 2147483647;
			files = (
			);
			runOnlyForDeploymentPostprocessing = 0;
		};
		9267C6C52EA78A3400E3E360 /* Resources */ = {
			isa = PBXResourcesBuildPhase;
			buildActionMask = 2147483647;
			files = (
			);
			runOnlyForDeploymentPostprocessing = 0;
		};
		9267C6CF2EA78A3400E3E360 /* Resources */ = {
			isa = PBXResourcesBuildPhase;
			buildActionMask = 2147483647;
			files = (
			);
			runOnlyForDeploymentPostprocessing = 0;
		};
/* End PBXResourcesBuildPhase section */

/* Begin PBXShellScriptBuildPhase section */
		21B0AAA77DFC44E2F57491EC /* [CP] Check Pods Manifest.lock */ = {
			isa = PBXShellScriptBuildPhase;
			buildActionMask = 2147483647;
			files = (
			);
			inputFileListPaths = (
			);
			inputPaths = (
				"${PODS_PODFILE_DIR_PATH}/Podfile.lock",
				"${PODS_ROOT}/Manifest.lock",
			);
			name = "[CP] Check Pods Manifest.lock";
			outputFileListPaths = (
			);
			outputPaths = (
				"$(DERIVED_FILE_DIR)/Pods-MamiBank-MamiBankUITests-checkManifestLockResult.txt",
			);
			runOnlyForDeploymentPostprocessing = 0;
			shellPath = /bin/sh;
			shellScript = "diff \"${PODS_PODFILE_DIR_PATH}/Podfile.lock\" \"${PODS_ROOT}/Manifest.lock\" > /dev/null\nif [ $? != 0 ] ; then\n    # print error to STDERR\n    echo \"error: The sandbox is not in sync with the Podfile.lock. Run 'pod install' or update your CocoaPods installation.\" >&2\n    exit 1\nfi\n# This output is used by Xcode 'outputs' to avoid re-running this script phase.\necho \"SUCCESS\" > \"${SCRIPT_OUTPUT_FILE_0}\"\n";
			showEnvVarsInLog = 0;
		};
		49C76D847E934181F2537A0A /* [CP] Embed Pods Frameworks */ = {
			isa = PBXShellScriptBuildPhase;
			buildActionMask = 2147483647;
			files = (
			);
			inputFileListPaths = (
				"${PODS_ROOT}/Target Support Files/Pods-MamiBank-MamiBankUITests/Pods-MamiBank-MamiBankUITests-frameworks-${CONFIGURATION}-input-files.xcfilelist",
			);
			inputPaths = (
			);
			name = "[CP] Embed Pods Frameworks";
			outputFileListPaths = (
				"${PODS_ROOT}/Target Support Files/Pods-MamiBank-MamiBankUITests/Pods-MamiBank-MamiBankUITests-frameworks-${CONFIGURATION}-output-files.xcfilelist",
			);
			outputPaths = (
			);
			runOnlyForDeploymentPostprocessing = 0;
			shellPath = /bin/sh;
			shellScript = "\"${PODS_ROOT}/Target Support Files/Pods-MamiBank-MamiBankUITests/Pods-MamiBank-MamiBankUITests-frameworks.sh\"\n";
			showEnvVarsInLog = 0;
		};
		719FC16734380F22D742900E /* [CP] Embed Pods Frameworks */ = {
			isa = PBXShellScriptBuildPhase;
			buildActionMask = 2147483647;
			files = (
			);
			inputFileListPaths = (
				"${PODS_ROOT}/Target Support Files/Pods-MamiBank/Pods-MamiBank-frameworks-${CONFIGURATION}-input-files.xcfilelist",
			);
			inputPaths = (
			);
			name = "[CP] Embed Pods Frameworks";
			outputFileListPaths = (
				"${PODS_ROOT}/Target Support Files/Pods-MamiBank/Pods-MamiBank-frameworks-${CONFIGURATION}-output-files.xcfilelist",
			);
			outputPaths = (
			);
			runOnlyForDeploymentPostprocessing = 0;
			shellPath = /bin/sh;
			shellScript = "\"${PODS_ROOT}/Target Support Files/Pods-MamiBank/Pods-MamiBank-frameworks.sh\"\n";
			showEnvVarsInLog = 0;
		};
		86584B72C55C4463035922DD /* [CP] Check Pods Manifest.lock */ = {
			isa = PBXShellScriptBuildPhase;
			buildActionMask = 2147483647;
			files = (
			);
			inputFileListPaths = (
			);
			inputPaths = (
				"${PODS_PODFILE_DIR_PATH}/Podfile.lock",
				"${PODS_ROOT}/Manifest.lock",
			);
			name = "[CP] Check Pods Manifest.lock";
			outputFileListPaths = (
			);
			outputPaths = (
				"$(DERIVED_FILE_DIR)/Pods-MamiBankTests-checkManifestLockResult.txt",
			);
			runOnlyForDeploymentPostprocessing = 0;
			shellPath = /bin/sh;
			shellScript = "diff \"${PODS_PODFILE_DIR_PATH}/Podfile.lock\" \"${PODS_ROOT}/Manifest.lock\" > /dev/null\nif [ $? != 0 ] ; then\n    # print error to STDERR\n    echo \"error: The sandbox is not in sync with the Podfile.lock. Run 'pod install' or update your CocoaPods installation.\" >&2\n    exit 1\nfi\n# This output is used by Xcode 'outputs' to avoid re-running this script phase.\necho \"SUCCESS\" > \"${SCRIPT_OUTPUT_FILE_0}\"\n";
			showEnvVarsInLog = 0;
		};
		9227E9942EDD4706009EA2A3 /* SwiftLint */ = {
			isa = PBXShellScriptBuildPhase;
			buildActionMask = 2147483647;
			files = (
			);
			inputFileListPaths = (
			);
			inputPaths = (
			);
			name = SwiftLint;
			outputFileListPaths = (
			);
			outputPaths = (
			);
			runOnlyForDeploymentPostprocessing = 0;
			shellPath = /bin/sh;
			shellScript = "if [ -f \"${PODS_ROOT}/SwiftLint/swiftlint\" ]; then\n  \"${PODS_ROOT}/SwiftLint/swiftlint\" --config \"${PROJECT_DIR}/.swiftlint.yml\"\nelse\n  echo \"warning: SwiftLint not installed\"\nfi\n\n";
		};
		B115BB9F4120D9495A659FE4 /* [CP] Check Pods Manifest.lock */ = {
			isa = PBXShellScriptBuildPhase;
			buildActionMask = 2147483647;
			files = (
			);
			inputFileListPaths = (
			);
			inputPaths = (
				"${PODS_PODFILE_DIR_PATH}/Podfile.lock",
				"${PODS_ROOT}/Manifest.lock",
			);
			name = "[CP] Check Pods Manifest.lock";
			outputFileListPaths = (
			);
			outputPaths = (
				"$(DERIVED_FILE_DIR)/Pods-MamiBank-checkManifestLockResult.txt",
			);
			runOnlyForDeploymentPostprocessing = 0;
			shellPath = /bin/sh;
			shellScript = "diff \"${PODS_PODFILE_DIR_PATH}/Podfile.lock\" \"${PODS_ROOT}/Manifest.lock\" > /dev/null\nif [ $? != 0 ] ; then\n    # print error to STDERR\n    echo \"error: The sandbox is not in sync with the Podfile.lock. Run 'pod install' or update your CocoaPods installation.\" >&2\n    exit 1\nfi\n# This output is used by Xcode 'outputs' to avoid re-running this script phase.\necho \"SUCCESS\" > \"${SCRIPT_OUTPUT_FILE_0}\"\n";
			showEnvVarsInLog = 0;
		};
/* End PBXShellScriptBuildPhase section */

/* Begin PBXSourcesBuildPhase section */
		9267C6AA2EA78A3000E3E360 /* Sources */ = {
			isa = PBXSourcesBuildPhase;
			buildActionMask = 2147483647;
			files = (
			);
			runOnlyForDeploymentPostprocessing = 0;
		};
		9267C6C32EA78A3400E3E360 /* Sources */ = {
			isa = PBXSourcesBuildPhase;
			buildActionMask = 2147483647;
			files = (
			);
			runOnlyForDeploymentPostprocessing = 0;
		};
		9267C6CD2EA78A3400E3E360 /* Sources */ = {
			isa = PBXSourcesBuildPhase;
			buildActionMask = 2147483647;
			files = (
			);
			runOnlyForDeploymentPostprocessing = 0;
		};
/* End PBXSourcesBuildPhase section */

/* Begin PBXTargetDependency section */
		9267C6C92EA78A3400E3E360 /* PBXTargetDependency */ = {
			isa = PBXTargetDependency;
			target = 9267C6AD2EA78A3000E3E360 /* MamiBank */;
			targetProxy = 9267C6C82EA78A3400E3E360 /* PBXContainerItemProxy */;
		};
		9267C6D32EA78A3400E3E360 /* PBXTargetDependency */ = {
			isa = PBXTargetDependency;
			target = 9267C6AD2EA78A3000E3E360 /* MamiBank */;
			targetProxy = 9267C6D22EA78A3400E3E360 /* PBXContainerItemProxy */;
		};
/* End PBXTargetDependency section */

/* Begin XCBuildConfiguration section */
		9267C6DB2EA78A3400E3E360 /* Debug */ = {
			isa = XCBuildConfiguration;
			baseConfigurationReference = 7154E53D28F56CEA929CA973 /* Pods-MamiBank.debug.xcconfig */;
			buildSettings = {
				ASSETCATALOG_COMPILER_APPICON_NAME = "$(APP_ICON_NAME)";
				ASSETCATALOG_COMPILER_GLOBAL_ACCENT_COLOR_NAME = AccentColor;
				CODE_SIGN_STYLE = Automatic;
				CURRENT_PROJECT_VERSION = 1;
				DEVELOPMENT_TEAM = MB5QQ6DCS6;
				GENERATE_INFOPLIST_FILE = YES;
				INFOPLIST_FILE = MamiBank/Info.plist;
				INFOPLIST_KEY_NSCameraUsageDescription = "We need to access the camera to take your selfie.";
				INFOPLIST_KEY_NSFaceIDUsageDescription = "We use Face ID to quickly and securely log you in.";
				INFOPLIST_KEY_NSPhotoLibraryAddUsageDescription = "We need permission to save selfies to your photo library.";
				INFOPLIST_KEY_UIApplicationSupportsIndirectInputEvents = YES;
				INFOPLIST_KEY_UILaunchStoryboardName = LaunchScreen;
				INFOPLIST_KEY_UIMainStoryboardFile = "";
				INFOPLIST_KEY_UISupportedInterfaceOrientations = UIInterfaceOrientationPortrait;
				INFOPLIST_KEY_UISupportedInterfaceOrientations_iPad = "UIInterfaceOrientationLandscapeLeft UIInterfaceOrientationLandscapeRight UIInterfaceOrientationPortrait UIInterfaceOrientationPortraitUpsideDown";
				IPHONEOS_DEPLOYMENT_TARGET = 15.6;
				LD_RUNPATH_SEARCH_PATHS = (
					"$(inherited)",
					"@executable_path/Frameworks",
				);
				MARKETING_VERSION = 1.0;
				PRODUCT_BUNDLE_IDENTIFIER = "com.sida.MamiBank$(BUNDLE_ID_SUFFIX)";
				PRODUCT_NAME = "$(APP_DISPLAY_NAME)";
				STRING_CATALOG_GENERATE_SYMBOLS = YES;
				SUPPORTED_PLATFORMS = "iphoneos iphonesimulator";
				SUPPORTS_MACCATALYST = NO;
				SUPPORTS_MAC_DESIGNED_FOR_IPHONE_IPAD = NO;
				SUPPORTS_XR_DESIGNED_FOR_IPHONE_IPAD = NO;
				SWIFT_APPROACHABLE_CONCURRENCY = YES;
				SWIFT_DEFAULT_ACTOR_ISOLATION = MainActor;
				SWIFT_EMIT_LOC_STRINGS = YES;
				SWIFT_UPCOMING_FEATURE_MEMBER_IMPORT_VISIBILITY = YES;
				SWIFT_VERSION = 5.0;
				TARGETED_DEVICE_FAMILY = 1;
			};
			name = Debug;
		};
		9267C6DC2EA78A3400E3E360 /* Release */ = {
			isa = XCBuildConfiguration;
			baseConfigurationReference = 082B4FEA6A92AEAE5BA8B2C4 /* Pods-MamiBank.release.xcconfig */;
			buildSettings = {
				ASSETCATALOG_COMPILER_APPICON_NAME = "$(APP_ICON_NAME)";
				ASSETCATALOG_COMPILER_GLOBAL_ACCENT_COLOR_NAME = AccentColor;
				CODE_SIGN_STYLE = Automatic;
				CURRENT_PROJECT_VERSION = 1;
				DEVELOPMENT_TEAM = MB5QQ6DCS6;
				GENERATE_INFOPLIST_FILE = YES;
				INFOPLIST_FILE = MamiBank/Info.plist;
				INFOPLIST_KEY_NSCameraUsageDescription = "We need to access the camera to take your selfie.";
				INFOPLIST_KEY_NSFaceIDUsageDescription = "We use Face ID to quickly and securely log you in.";
				INFOPLIST_KEY_NSPhotoLibraryAddUsageDescription = "We need permission to save selfies to your photo library.";
				INFOPLIST_KEY_UIApplicationSupportsIndirectInputEvents = YES;
				INFOPLIST_KEY_UILaunchStoryboardName = LaunchScreen;
				INFOPLIST_KEY_UIMainStoryboardFile = "";
				INFOPLIST_KEY_UISupportedInterfaceOrientations = UIInterfaceOrientationPortrait;
				INFOPLIST_KEY_UISupportedInterfaceOrientations_iPad = "UIInterfaceOrientationLandscapeLeft UIInterfaceOrientationLandscapeRight UIInterfaceOrientationPortrait UIInterfaceOrientationPortraitUpsideDown";
				IPHONEOS_DEPLOYMENT_TARGET = 15.6;
				LD_RUNPATH_SEARCH_PATHS = (
					"$(inherited)",
					"@executable_path/Frameworks",
				);
				MARKETING_VERSION = 1.0;
				PRODUCT_BUNDLE_IDENTIFIER = "com.sida.MamiBank$(BUNDLE_ID_SUFFIX)";
				PRODUCT_NAME = "$(APP_DISPLAY_NAME)";
				STRING_CATALOG_GENERATE_SYMBOLS = YES;
				SUPPORTED_PLATFORMS = "iphoneos iphonesimulator";
				SUPPORTS_MACCATALYST = NO;
				SUPPORTS_MAC_DESIGNED_FOR_IPHONE_IPAD = NO;
				SUPPORTS_XR_DESIGNED_FOR_IPHONE_IPAD = NO;
				SWIFT_APPROACHABLE_CONCURRENCY = YES;
				SWIFT_DEFAULT_ACTOR_ISOLATION = MainActor;
				SWIFT_EMIT_LOC_STRINGS = YES;
				SWIFT_UPCOMING_FEATURE_MEMBER_IMPORT_VISIBILITY = YES;
				SWIFT_VERSION = 5.0;
				TARGETED_DEVICE_FAMILY = 1;
			};
			name = Release;
		};
		9267C6DD2EA78A3400E3E360 /* Debug */ = {
			isa = XCBuildConfiguration;
			baseConfigurationReferenceAnchor = 9267C6B02EA78A3000E3E360 /* MamiBank */;
			baseConfigurationReferenceRelativePath = Configuration/Development.xcconfig;
			buildSettings = {
				ALWAYS_SEARCH_USER_PATHS = NO;
				ASSETCATALOG_COMPILER_GENERATE_SWIFT_ASSET_SYMBOL_EXTENSIONS = YES;
				CLANG_ANALYZER_LOCALIZABILITY_NONLOCALIZED = YES;
				CLANG_ANALYZER_NONNULL = YES;
				CLANG_ANALYZER_NUMBER_OBJECT_CONVERSION = YES_AGGRESSIVE;
				CLANG_CXX_LANGUAGE_STANDARD = "gnu++20";
				CLANG_ENABLE_MODULES = YES;
				CLANG_ENABLE_OBJC_ARC = YES;
				CLANG_ENABLE_OBJC_WEAK = YES;
				CLANG_WARN_BLOCK_CAPTURE_AUTORELEASING = YES;
				CLANG_WARN_BOOL_CONVERSION = YES;
				CLANG_WARN_COMMA = YES;
				CLANG_WARN_CONSTANT_CONVERSION = YES;
				CLANG_WARN_DEPRECATED_OBJC_IMPLEMENTATIONS = YES;
				CLANG_WARN_DIRECT_OBJC_ISA_USAGE = YES_ERROR;
				CLANG_WARN_DOCUMENTATION_COMMENTS = YES;
				CLANG_WARN_EMPTY_BODY = YES;
				CLANG_WARN_ENUM_CONVERSION = YES;
				CLANG_WARN_INFINITE_RECURSION = YES;
				CLANG_WARN_INT_CONVERSION = YES;
				CLANG_WARN_NON_LITERAL_NULL_CONVERSION = YES;
				CLANG_WARN_OBJC_IMPLICIT_RETAIN_SELF = YES;
				CLANG_WARN_OBJC_LITERAL_CONVERSION = YES;
				CLANG_WARN_OBJC_ROOT_CLASS = YES_ERROR;
				CLANG_WARN_QUOTED_INCLUDE_IN_FRAMEWORK_HEADER = YES;
				CLANG_WARN_RANGE_LOOP_ANALYSIS = YES;
				CLANG_WARN_STRICT_PROTOTYPES = YES;
				CLANG_WARN_SUSPICIOUS_MOVE = YES;
				CLANG_WARN_UNGUARDED_AVAILABILITY = YES_AGGRESSIVE;
				CLANG_WARN_UNREACHABLE_CODE = YES;
				CLANG_WARN__DUPLICATE_METHOD_MATCH = YES;
				COPY_PHASE_STRIP = NO;
				DEBUG_INFORMATION_FORMAT = dwarf;
				DEVELOPMENT_TEAM = FTF953N9JJ;
				ENABLE_STRICT_OBJC_MSGSEND = YES;
				ENABLE_TESTABILITY = YES;
				ENABLE_USER_SCRIPT_SANDBOXING = NO;
				GCC_C_LANGUAGE_STANDARD = gnu17;
				GCC_DYNAMIC_NO_PIC = NO;
				GCC_NO_COMMON_BLOCKS = YES;
				GCC_OPTIMIZATION_LEVEL = 0;
				GCC_PREPROCESSOR_DEFINITIONS = (
					"DEBUG=1",
					"$(inherited)",
				);
				GCC_WARN_64_TO_32_BIT_CONVERSION = YES;
				GCC_WARN_ABOUT_RETURN_TYPE = YES_ERROR;
				GCC_WARN_UNDECLARED_SELECTOR = YES;
				GCC_WARN_UNINITIALIZED_AUTOS = YES_AGGRESSIVE;
				GCC_WARN_UNUSED_FUNCTION = YES;
				GCC_WARN_UNUSED_VARIABLE = YES;
				IPHONEOS_DEPLOYMENT_TARGET = 26.0;
				LOCALIZATION_PREFERS_STRING_CATALOGS = YES;
				MTL_ENABLE_DEBUG_INFO = INCLUDE_SOURCE;
				MTL_FAST_MATH = YES;
				ONLY_ACTIVE_ARCH = YES;
				SDKROOT = iphoneos;
				SWIFT_ACTIVE_COMPILATION_CONDITIONS = "DEBUG $(inherited)";
				SWIFT_OPTIMIZATION_LEVEL = "-Onone";
			};
			name = Debug;
		};
		9267C6DE2EA78A3400E3E360 /* Release */ = {
			isa = XCBuildConfiguration;
			baseConfigurationReferenceAnchor = 9267C6B02EA78A3000E3E360 /* MamiBank */;
			baseConfigurationReferenceRelativePath = Configuration/Production.xcconfig;
			buildSettings = {
				ALWAYS_SEARCH_USER_PATHS = NO;
				ASSETCATALOG_COMPILER_GENERATE_SWIFT_ASSET_SYMBOL_EXTENSIONS = YES;
				CLANG_ANALYZER_LOCALIZABILITY_NONLOCALIZED = YES;
				CLANG_ANALYZER_NONNULL = YES;
				CLANG_ANALYZER_NUMBER_OBJECT_CONVERSION = YES_AGGRESSIVE;
				CLANG_CXX_LANGUAGE_STANDARD = "gnu++20";
				CLANG_ENABLE_MODULES = YES;
				CLANG_ENABLE_OBJC_ARC = YES;
				CLANG_ENABLE_OBJC_WEAK = YES;
				CLANG_WARN_BLOCK_CAPTURE_AUTORELEASING = YES;
				CLANG_WARN_BOOL_CONVERSION = YES;
				CLANG_WARN_COMMA = YES;
				CLANG_WARN_CONSTANT_CONVERSION = YES;
				CLANG_WARN_DEPRECATED_OBJC_IMPLEMENTATIONS = YES;
				CLANG_WARN_DIRECT_OBJC_ISA_USAGE = YES_ERROR;
				CLANG_WARN_DOCUMENTATION_COMMENTS = YES;
				CLANG_WARN_EMPTY_BODY = YES;
				CLANG_WARN_ENUM_CONVERSION = YES;
				CLANG_WARN_INFINITE_RECURSION = YES;
				CLANG_WARN_INT_CONVERSION = YES;
				CLANG_WARN_NON_LITERAL_NULL_CONVERSION = YES;
				CLANG_WARN_OBJC_IMPLICIT_RETAIN_SELF = YES;
				CLANG_WARN_OBJC_LITERAL_CONVERSION = YES;
				CLANG_WARN_OBJC_ROOT_CLASS = YES_ERROR;
				CLANG_WARN_QUOTED_INCLUDE_IN_FRAMEWORK_HEADER = YES;
				CLANG_WARN_RANGE_LOOP_ANALYSIS = YES;
				CLANG_WARN_STRICT_PROTOTYPES = YES;
				CLANG_WARN_SUSPICIOUS_MOVE = YES;
				CLANG_WARN_UNGUARDED_AVAILABILITY = YES_AGGRESSIVE;
				CLANG_WARN_UNREACHABLE_CODE = YES;
				CLANG_WARN__DUPLICATE_METHOD_MATCH = YES;
				COPY_PHASE_STRIP = NO;
				DEBUG_INFORMATION_FORMAT = "dwarf-with-dsym";
				DEVELOPMENT_TEAM = FTF953N9JJ;
				ENABLE_NS_ASSERTIONS = NO;
				ENABLE_STRICT_OBJC_MSGSEND = YES;
				ENABLE_USER_SCRIPT_SANDBOXING = NO;
				GCC_C_LANGUAGE_STANDARD = gnu17;
				GCC_NO_COMMON_BLOCKS = YES;
				GCC_WARN_64_TO_32_BIT_CONVERSION = YES;
				GCC_WARN_ABOUT_RETURN_TYPE = YES_ERROR;
				GCC_WARN_UNDECLARED_SELECTOR = YES;
				GCC_WARN_UNINITIALIZED_AUTOS = YES_AGGRESSIVE;
				GCC_WARN_UNUSED_FUNCTION = YES;
				GCC_WARN_UNUSED_VARIABLE = YES;
				IPHONEOS_DEPLOYMENT_TARGET = 26.0;
				LOCALIZATION_PREFERS_STRING_CATALOGS = YES;
				MTL_ENABLE_DEBUG_INFO = NO;
				MTL_FAST_MATH = YES;
				SDKROOT = iphoneos;
				SWIFT_COMPILATION_MODE = wholemodule;
				VALIDATE_PRODUCT = YES;
			};
			name = Release;
		};
		9267C6E02EA78A3400E3E360 /* Debug */ = {
			isa = XCBuildConfiguration;
			baseConfigurationReference = 8ACE8E0AB8CD68077952B43C /* Pods-MamiBankTests.debug.xcconfig */;
			buildSettings = {
				BUNDLE_LOADER = "$(TEST_HOST)";
				CODE_SIGN_STYLE = Automatic;
				CURRENT_PROJECT_VERSION = 1;
				DEVELOPMENT_TEAM = MB5QQ6DCS6;
				GENERATE_INFOPLIST_FILE = YES;
				IPHONEOS_DEPLOYMENT_TARGET = 15.6;
				MARKETING_VERSION = 1.0;
				PRODUCT_BUNDLE_IDENTIFIER = com.sida.MamiBankTests;
				PRODUCT_NAME = "$(TARGET_NAME)";
				STRING_CATALOG_GENERATE_SYMBOLS = NO;
				SUPPORTED_PLATFORMS = "iphoneos iphonesimulator";
				SUPPORTS_MACCATALYST = NO;
				SUPPORTS_MAC_DESIGNED_FOR_IPHONE_IPAD = NO;
				SUPPORTS_XR_DESIGNED_FOR_IPHONE_IPAD = NO;
				SWIFT_APPROACHABLE_CONCURRENCY = YES;
				SWIFT_EMIT_LOC_STRINGS = NO;
				SWIFT_UPCOMING_FEATURE_MEMBER_IMPORT_VISIBILITY = YES;
				SWIFT_VERSION = 5.0;
				TARGETED_DEVICE_FAMILY = 1;
				TEST_HOST = "";
			};
			name = Debug;
		};
		9267C6E12EA78A3400E3E360 /* Release */ = {
			isa = XCBuildConfiguration;
			baseConfigurationReference = 1662B34BAADA8F48FE67D6A2 /* Pods-MamiBankTests.release.xcconfig */;
			buildSettings = {
				BUNDLE_LOADER = "$(TEST_HOST)";
				CODE_SIGN_STYLE = Automatic;
				CURRENT_PROJECT_VERSION = 1;
				DEVELOPMENT_TEAM = MB5QQ6DCS6;
				GENERATE_INFOPLIST_FILE = YES;
				IPHONEOS_DEPLOYMENT_TARGET = 15.6;
				MARKETING_VERSION = 1.0;
				PRODUCT_BUNDLE_IDENTIFIER = com.sida.MamiBankTests;
				PRODUCT_NAME = "$(TARGET_NAME)";
				STRING_CATALOG_GENERATE_SYMBOLS = NO;
				SUPPORTED_PLATFORMS = "iphoneos iphonesimulator";
				SUPPORTS_MACCATALYST = NO;
				SUPPORTS_MAC_DESIGNED_FOR_IPHONE_IPAD = NO;
				SUPPORTS_XR_DESIGNED_FOR_IPHONE_IPAD = NO;
				SWIFT_APPROACHABLE_CONCURRENCY = YES;
				SWIFT_EMIT_LOC_STRINGS = NO;
				SWIFT_UPCOMING_FEATURE_MEMBER_IMPORT_VISIBILITY = YES;
				SWIFT_VERSION = 5.0;
				TARGETED_DEVICE_FAMILY = 1;
				TEST_HOST = "";
			};
			name = Release;
		};
		9267C6E32EA78A3400E3E360 /* Debug */ = {
			isa = XCBuildConfiguration;
			baseConfigurationReference = A23DE13A3E35CEF61667AFC7 /* Pods-MamiBank-MamiBankUITests.debug.xcconfig */;
			buildSettings = {
				CODE_SIGN_STYLE = Automatic;
				CURRENT_PROJECT_VERSION = 1;
				DEVELOPMENT_TEAM = MB5QQ6DCS6;
				GENERATE_INFOPLIST_FILE = YES;
				IPHONEOS_DEPLOYMENT_TARGET = 15.6;
				MARKETING_VERSION = 1.0;
				PRODUCT_BUNDLE_IDENTIFIER = com.sida.MamiBankUITests;
				PRODUCT_NAME = "$(TARGET_NAME)";
				STRING_CATALOG_GENERATE_SYMBOLS = NO;
				SUPPORTED_PLATFORMS = "iphoneos iphonesimulator";
				SUPPORTS_MACCATALYST = NO;
				SUPPORTS_MAC_DESIGNED_FOR_IPHONE_IPAD = NO;
				SUPPORTS_XR_DESIGNED_FOR_IPHONE_IPAD = NO;
				SWIFT_APPROACHABLE_CONCURRENCY = YES;
				SWIFT_EMIT_LOC_STRINGS = NO;
				SWIFT_UPCOMING_FEATURE_MEMBER_IMPORT_VISIBILITY = YES;
				SWIFT_VERSION = 5.0;
				TARGETED_DEVICE_FAMILY = 1;
				TEST_TARGET_NAME = MamiBank;
			};
			name = Debug;
		};
		9267C6E42EA78A3400E3E360 /* Release */ = {
			isa = XCBuildConfiguration;
			baseConfigurationReference = 5644C42F0EE26C084C82AB48 /* Pods-MamiBank-MamiBankUITests.release.xcconfig */;
			buildSettings = {
				CODE_SIGN_STYLE = Automatic;
				CURRENT_PROJECT_VERSION = 1;
				DEVELOPMENT_TEAM = MB5QQ6DCS6;
				GENERATE_INFOPLIST_FILE = YES;
				IPHONEOS_DEPLOYMENT_TARGET = 15.6;
				MARKETING_VERSION = 1.0;
				PRODUCT_BUNDLE_IDENTIFIER = com.sida.MamiBankUITests;
				PRODUCT_NAME = "$(TARGET_NAME)";
				STRING_CATALOG_GENERATE_SYMBOLS = NO;
				SUPPORTED_PLATFORMS = "iphoneos iphonesimulator";
				SUPPORTS_MACCATALYST = NO;
				SUPPORTS_MAC_DESIGNED_FOR_IPHONE_IPAD = NO;
				SUPPORTS_XR_DESIGNED_FOR_IPHONE_IPAD = NO;
				SWIFT_APPROACHABLE_CONCURRENCY = YES;
				SWIFT_EMIT_LOC_STRINGS = NO;
				SWIFT_UPCOMING_FEATURE_MEMBER_IMPORT_VISIBILITY = YES;
				SWIFT_VERSION = 5.0;
				TARGETED_DEVICE_FAMILY = 1;
				TEST_TARGET_NAME = MamiBank;
			};
			name = Release;
		};
		9267C7072EA78C2600E3E360 /* Staging */ = {
			isa = XCBuildConfiguration;
			baseConfigurationReferenceAnchor = 9267C6B02EA78A3000E3E360 /* MamiBank */;
			baseConfigurationReferenceRelativePath = Configuration/Staging.xcconfig;
			buildSettings = {
				ALWAYS_SEARCH_USER_PATHS = NO;
				ASSETCATALOG_COMPILER_GENERATE_SWIFT_ASSET_SYMBOL_EXTENSIONS = YES;
				CLANG_ANALYZER_LOCALIZABILITY_NONLOCALIZED = YES;
				CLANG_ANALYZER_NONNULL = YES;
				CLANG_ANALYZER_NUMBER_OBJECT_CONVERSION = YES_AGGRESSIVE;
				CLANG_CXX_LANGUAGE_STANDARD = "gnu++20";
				CLANG_ENABLE_MODULES = YES;
				CLANG_ENABLE_OBJC_ARC = YES;
				CLANG_ENABLE_OBJC_WEAK = YES;
				CLANG_WARN_BLOCK_CAPTURE_AUTORELEASING = YES;
				CLANG_WARN_BOOL_CONVERSION = YES;
				CLANG_WARN_COMMA = YES;
				CLANG_WARN_CONSTANT_CONVERSION = YES;
				CLANG_WARN_DEPRECATED_OBJC_IMPLEMENTATIONS = YES;
				CLANG_WARN_DIRECT_OBJC_ISA_USAGE = YES_ERROR;
				CLANG_WARN_DOCUMENTATION_COMMENTS = YES;
				CLANG_WARN_EMPTY_BODY = YES;
				CLANG_WARN_ENUM_CONVERSION = YES;
				CLANG_WARN_INFINITE_RECURSION = YES;
				CLANG_WARN_INT_CONVERSION = YES;
				CLANG_WARN_NON_LITERAL_NULL_CONVERSION = YES;
				CLANG_WARN_OBJC_IMPLICIT_RETAIN_SELF = YES;
				CLANG_WARN_OBJC_LITERAL_CONVERSION = YES;
				CLANG_WARN_OBJC_ROOT_CLASS = YES_ERROR;
				CLANG_WARN_QUOTED_INCLUDE_IN_FRAMEWORK_HEADER = YES;
				CLANG_WARN_RANGE_LOOP_ANALYSIS = YES;
				CLANG_WARN_STRICT_PROTOTYPES = YES;
				CLANG_WARN_SUSPICIOUS_MOVE = YES;
				CLANG_WARN_UNGUARDED_AVAILABILITY = YES_AGGRESSIVE;
				CLANG_WARN_UNREACHABLE_CODE = YES;
				CLANG_WARN__DUPLICATE_METHOD_MATCH = YES;
				COPY_PHASE_STRIP = NO;
				DEBUG_INFORMATION_FORMAT = "dwarf-with-dsym";
				DEVELOPMENT_TEAM = FTF953N9JJ;
				ENABLE_NS_ASSERTIONS = NO;
				ENABLE_STRICT_OBJC_MSGSEND = YES;
				ENABLE_USER_SCRIPT_SANDBOXING = NO;
				GCC_C_LANGUAGE_STANDARD = gnu17;
				GCC_NO_COMMON_BLOCKS = YES;
				GCC_WARN_64_TO_32_BIT_CONVERSION = YES;
				GCC_WARN_ABOUT_RETURN_TYPE = YES_ERROR;
				GCC_WARN_UNDECLARED_SELECTOR = YES;
				GCC_WARN_UNINITIALIZED_AUTOS = YES_AGGRESSIVE;
				GCC_WARN_UNUSED_FUNCTION = YES;
				GCC_WARN_UNUSED_VARIABLE = YES;
				IPHONEOS_DEPLOYMENT_TARGET = 26.0;
				LOCALIZATION_PREFERS_STRING_CATALOGS = YES;
				MTL_ENABLE_DEBUG_INFO = NO;
				MTL_FAST_MATH = YES;
				SDKROOT = iphoneos;
				SWIFT_COMPILATION_MODE = wholemodule;
				VALIDATE_PRODUCT = YES;
			};
			name = Staging;
		};
		9267C7082EA78C2600E3E360 /* Staging */ = {
			isa = XCBuildConfiguration;
			baseConfigurationReference = 67D279F783A87ED883923D38 /* Pods-MamiBank.staging.xcconfig */;
			buildSettings = {
				ASSETCATALOG_COMPILER_APPICON_NAME = "$(APP_ICON_NAME)";
				ASSETCATALOG_COMPILER_GLOBAL_ACCENT_COLOR_NAME = AccentColor;
				CODE_SIGN_STYLE = Automatic;
				CURRENT_PROJECT_VERSION = 1;
				DEVELOPMENT_TEAM = MB5QQ6DCS6;
				GENERATE_INFOPLIST_FILE = YES;
				INFOPLIST_FILE = MamiBank/Info.plist;
				INFOPLIST_KEY_NSCameraUsageDescription = "We need to access the camera to take your selfie.";
				INFOPLIST_KEY_NSFaceIDUsageDescription = "We use Face ID to quickly and securely log you in.";
				INFOPLIST_KEY_NSPhotoLibraryAddUsageDescription = "We need permission to save selfies to your photo library.";
				INFOPLIST_KEY_UIApplicationSupportsIndirectInputEvents = YES;
				INFOPLIST_KEY_UILaunchStoryboardName = LaunchScreen;
				INFOPLIST_KEY_UIMainStoryboardFile = "";
				INFOPLIST_KEY_UISupportedInterfaceOrientations = UIInterfaceOrientationPortrait;
				INFOPLIST_KEY_UISupportedInterfaceOrientations_iPad = "UIInterfaceOrientationLandscapeLeft UIInterfaceOrientationLandscapeRight UIInterfaceOrientationPortrait UIInterfaceOrientationPortraitUpsideDown";
				IPHONEOS_DEPLOYMENT_TARGET = 15.6;
				LD_RUNPATH_SEARCH_PATHS = (
					"$(inherited)",
					"@executable_path/Frameworks",
				);
				MARKETING_VERSION = 1.0;
				PRODUCT_BUNDLE_IDENTIFIER = "com.sida.MamiBank$(BUNDLE_ID_SUFFIX)";
				PRODUCT_NAME = "$(APP_DISPLAY_NAME)";
				STRING_CATALOG_GENERATE_SYMBOLS = YES;
				SUPPORTED_PLATFORMS = "iphoneos iphonesimulator";
				SUPPORTS_MACCATALYST = NO;
				SUPPORTS_MAC_DESIGNED_FOR_IPHONE_IPAD = NO;
				SUPPORTS_XR_DESIGNED_FOR_IPHONE_IPAD = NO;
				SWIFT_APPROACHABLE_CONCURRENCY = YES;
				SWIFT_DEFAULT_ACTOR_ISOLATION = MainActor;
				SWIFT_EMIT_LOC_STRINGS = YES;
				SWIFT_UPCOMING_FEATURE_MEMBER_IMPORT_VISIBILITY = YES;
				SWIFT_VERSION = 5.0;
				TARGETED_DEVICE_FAMILY = 1;
			};
			name = Staging;
		};
		9267C7092EA78C2600E3E360 /* Staging */ = {
			isa = XCBuildConfiguration;
			baseConfigurationReference = 594A2FB5AA4290D7A90C49D6 /* Pods-MamiBankTests.staging.xcconfig */;
			buildSettings = {
				BUNDLE_LOADER = "$(TEST_HOST)";
				CODE_SIGN_STYLE = Automatic;
				CURRENT_PROJECT_VERSION = 1;
				DEVELOPMENT_TEAM = MB5QQ6DCS6;
				GENERATE_INFOPLIST_FILE = YES;
				IPHONEOS_DEPLOYMENT_TARGET = 15.6;
				MARKETING_VERSION = 1.0;
				PRODUCT_BUNDLE_IDENTIFIER = com.sida.MamiBankTests;
				PRODUCT_NAME = "$(TARGET_NAME)";
				STRING_CATALOG_GENERATE_SYMBOLS = NO;
				SUPPORTED_PLATFORMS = "iphoneos iphonesimulator";
				SUPPORTS_MACCATALYST = NO;
				SUPPORTS_MAC_DESIGNED_FOR_IPHONE_IPAD = NO;
				SUPPORTS_XR_DESIGNED_FOR_IPHONE_IPAD = NO;
				SWIFT_APPROACHABLE_CONCURRENCY = YES;
				SWIFT_EMIT_LOC_STRINGS = NO;
				SWIFT_UPCOMING_FEATURE_MEMBER_IMPORT_VISIBILITY = YES;
				SWIFT_VERSION = 5.0;
				TARGETED_DEVICE_FAMILY = 1;
				TEST_HOST = "";
			};
			name = Staging;
		};
		9267C70A2EA78C2600E3E360 /* Staging */ = {
			isa = XCBuildConfiguration;
			baseConfigurationReference = C0F8A9F112520B523A5F965D /* Pods-MamiBank-MamiBankUITests.staging.xcconfig */;
			buildSettings = {
				CODE_SIGN_STYLE = Automatic;
				CURRENT_PROJECT_VERSION = 1;
				DEVELOPMENT_TEAM = MB5QQ6DCS6;
				GENERATE_INFOPLIST_FILE = YES;
				IPHONEOS_DEPLOYMENT_TARGET = 15.6;
				MARKETING_VERSION = 1.0;
				PRODUCT_BUNDLE_IDENTIFIER = com.sida.MamiBankUITests;
				PRODUCT_NAME = "$(TARGET_NAME)";
				STRING_CATALOG_GENERATE_SYMBOLS = NO;
				SUPPORTED_PLATFORMS = "iphoneos iphonesimulator";
				SUPPORTS_MACCATALYST = NO;
				SUPPORTS_MAC_DESIGNED_FOR_IPHONE_IPAD = NO;
				SUPPORTS_XR_DESIGNED_FOR_IPHONE_IPAD = NO;
				SWIFT_APPROACHABLE_CONCURRENCY = YES;
				SWIFT_EMIT_LOC_STRINGS = NO;
				SWIFT_UPCOMING_FEATURE_MEMBER_IMPORT_VISIBILITY = YES;
				SWIFT_VERSION = 5.0;
				TARGETED_DEVICE_FAMILY = 1;
				TEST_TARGET_NAME = MamiBank;
			};
			name = Staging;
		};
		92F25CB02ECB1F2900C2608B /* Tests */ = {
			isa = XCBuildConfiguration;
			baseConfigurationReferenceAnchor = 9267C6D42EA78A3400E3E360 /* MamiBankUITests */;
			baseConfigurationReferenceRelativePath = Tests.xcconfig;
			buildSettings = {
				ALWAYS_SEARCH_USER_PATHS = NO;
				ASSETCATALOG_COMPILER_GENERATE_SWIFT_ASSET_SYMBOL_EXTENSIONS = YES;
				CLANG_ANALYZER_LOCALIZABILITY_NONLOCALIZED = YES;
				CLANG_ANALYZER_NONNULL = YES;
				CLANG_ANALYZER_NUMBER_OBJECT_CONVERSION = YES_AGGRESSIVE;
				CLANG_CXX_LANGUAGE_STANDARD = "gnu++20";
				CLANG_ENABLE_MODULES = YES;
				CLANG_ENABLE_OBJC_ARC = YES;
				CLANG_ENABLE_OBJC_WEAK = YES;
				CLANG_WARN_BLOCK_CAPTURE_AUTORELEASING = YES;
				CLANG_WARN_BOOL_CONVERSION = YES;
				CLANG_WARN_COMMA = YES;
				CLANG_WARN_CONSTANT_CONVERSION = YES;
				CLANG_WARN_DEPRECATED_OBJC_IMPLEMENTATIONS = YES;
				CLANG_WARN_DIRECT_OBJC_ISA_USAGE = YES_ERROR;
				CLANG_WARN_DOCUMENTATION_COMMENTS = YES;
				CLANG_WARN_EMPTY_BODY = YES;
				CLANG_WARN_ENUM_CONVERSION = YES;
				CLANG_WARN_INFINITE_RECURSION = YES;
				CLANG_WARN_INT_CONVERSION = YES;
				CLANG_WARN_NON_LITERAL_NULL_CONVERSION = YES;
				CLANG_WARN_OBJC_IMPLICIT_RETAIN_SELF = YES;
				CLANG_WARN_OBJC_LITERAL_CONVERSION = YES;
				CLANG_WARN_OBJC_ROOT_CLASS = YES_ERROR;
				CLANG_WARN_QUOTED_INCLUDE_IN_FRAMEWORK_HEADER = YES;
				CLANG_WARN_RANGE_LOOP_ANALYSIS = YES;
				CLANG_WARN_STRICT_PROTOTYPES = YES;
				CLANG_WARN_SUSPICIOUS_MOVE = YES;
				CLANG_WARN_UNGUARDED_AVAILABILITY = YES_AGGRESSIVE;
				CLANG_WARN_UNREACHABLE_CODE = YES;
				CLANG_WARN__DUPLICATE_METHOD_MATCH = YES;
				COPY_PHASE_STRIP = NO;
				DEBUG_INFORMATION_FORMAT = dwarf;
				DEVELOPMENT_TEAM = FTF953N9JJ;
				ENABLE_STRICT_OBJC_MSGSEND = YES;
				ENABLE_TESTABILITY = YES;
				ENABLE_USER_SCRIPT_SANDBOXING = NO;
				GCC_C_LANGUAGE_STANDARD = gnu17;
				GCC_DYNAMIC_NO_PIC = NO;
				GCC_NO_COMMON_BLOCKS = YES;
				GCC_OPTIMIZATION_LEVEL = 0;
				GCC_PREPROCESSOR_DEFINITIONS = (
					"DEBUG=1",
					"$(inherited)",
				);
				GCC_WARN_64_TO_32_BIT_CONVERSION = YES;
				GCC_WARN_ABOUT_RETURN_TYPE = YES_ERROR;
				GCC_WARN_UNDECLARED_SELECTOR = YES;
				GCC_WARN_UNINITIALIZED_AUTOS = YES_AGGRESSIVE;
				GCC_WARN_UNUSED_FUNCTION = YES;
				GCC_WARN_UNUSED_VARIABLE = YES;
				IPHONEOS_DEPLOYMENT_TARGET = 26.0;
				LOCALIZATION_PREFERS_STRING_CATALOGS = YES;
				MTL_ENABLE_DEBUG_INFO = INCLUDE_SOURCE;
				MTL_FAST_MATH = YES;
				ONLY_ACTIVE_ARCH = YES;
				SDKROOT = iphoneos;
				SWIFT_ACTIVE_COMPILATION_CONDITIONS = "DEBUG $(inherited)";
				SWIFT_OPTIMIZATION_LEVEL = "-Onone";
			};
			name = Tests;
		};
		92F25CB12ECB1F2900C2608B /* Tests */ = {
			isa = XCBuildConfiguration;
			baseConfigurationReference = F552880CA31ABE02D97FADE4 /* Pods-MamiBank.tests.xcconfig */;
			buildSettings = {
				ASSETCATALOG_COMPILER_APPICON_NAME = "$(APP_ICON_NAME)";
				ASSETCATALOG_COMPILER_GLOBAL_ACCENT_COLOR_NAME = AccentColor;
				CODE_SIGN_STYLE = Automatic;
				CURRENT_PROJECT_VERSION = 1;
				DEVELOPMENT_TEAM = MB5QQ6DCS6;
				GENERATE_INFOPLIST_FILE = YES;
				INFOPLIST_FILE = MamiBank/Info.plist;
				INFOPLIST_KEY_NSCameraUsageDescription = "We need to access the camera to take your selfie.";
				INFOPLIST_KEY_NSFaceIDUsageDescription = "We use Face ID to quickly and securely log you in.";
				INFOPLIST_KEY_NSPhotoLibraryAddUsageDescription = "We need permission to save selfies to your photo library.";
				INFOPLIST_KEY_UIApplicationSupportsIndirectInputEvents = YES;
				INFOPLIST_KEY_UILaunchStoryboardName = LaunchScreen;
				INFOPLIST_KEY_UIMainStoryboardFile = "";
				INFOPLIST_KEY_UISupportedInterfaceOrientations = UIInterfaceOrientationPortrait;
				INFOPLIST_KEY_UISupportedInterfaceOrientations_iPad = "UIInterfaceOrientationLandscapeLeft UIInterfaceOrientationLandscapeRight UIInterfaceOrientationPortrait UIInterfaceOrientationPortraitUpsideDown";
				IPHONEOS_DEPLOYMENT_TARGET = 15.6;
				LD_RUNPATH_SEARCH_PATHS = (
					"$(inherited)",
					"@executable_path/Frameworks",
				);
				MARKETING_VERSION = 1.0;
				PRODUCT_BUNDLE_IDENTIFIER = "com.sida.MamiBank$(BUNDLE_ID_SUFFIX)";
				PRODUCT_NAME = "$(APP_DISPLAY_NAME)";
				STRING_CATALOG_GENERATE_SYMBOLS = YES;
				SUPPORTED_PLATFORMS = "iphoneos iphonesimulator";
				SUPPORTS_MACCATALYST = NO;
				SUPPORTS_MAC_DESIGNED_FOR_IPHONE_IPAD = NO;
				SUPPORTS_XR_DESIGNED_FOR_IPHONE_IPAD = NO;
				SWIFT_APPROACHABLE_CONCURRENCY = YES;
				SWIFT_DEFAULT_ACTOR_ISOLATION = MainActor;
				SWIFT_EMIT_LOC_STRINGS = YES;
				SWIFT_UPCOMING_FEATURE_MEMBER_IMPORT_VISIBILITY = YES;
				SWIFT_VERSION = 5.0;
				TARGETED_DEVICE_FAMILY = 1;
			};
			name = Tests;
		};
		92F25CB22ECB1F2900C2608B /* Tests */ = {
			isa = XCBuildConfiguration;
			baseConfigurationReference = D177C23B797D7E0443ADBAC3 /* Pods-MamiBankTests.tests.xcconfig */;
			buildSettings = {
				BUNDLE_LOADER = "$(TEST_HOST)";
				CODE_SIGN_STYLE = Automatic;
				CURRENT_PROJECT_VERSION = 1;
				DEVELOPMENT_TEAM = MB5QQ6DCS6;
				GENERATE_INFOPLIST_FILE = YES;
				IPHONEOS_DEPLOYMENT_TARGET = 15.6;
				MARKETING_VERSION = 1.0;
				PRODUCT_BUNDLE_IDENTIFIER = com.sida.MamiBankTests;
				PRODUCT_NAME = "$(TARGET_NAME)";
				STRING_CATALOG_GENERATE_SYMBOLS = NO;
				SUPPORTED_PLATFORMS = "iphoneos iphonesimulator";
				SUPPORTS_MACCATALYST = NO;
				SUPPORTS_MAC_DESIGNED_FOR_IPHONE_IPAD = NO;
				SUPPORTS_XR_DESIGNED_FOR_IPHONE_IPAD = NO;
				SWIFT_APPROACHABLE_CONCURRENCY = YES;
				SWIFT_EMIT_LOC_STRINGS = NO;
				SWIFT_UPCOMING_FEATURE_MEMBER_IMPORT_VISIBILITY = YES;
				SWIFT_VERSION = 5.0;
				TARGETED_DEVICE_FAMILY = 1;
				TEST_HOST = "";
			};
			name = Tests;
		};
		92F25CB32ECB1F2900C2608B /* Tests */ = {
			isa = XCBuildConfiguration;
			baseConfigurationReference = 7415C162890035D13119A3DE /* Pods-MamiBank-MamiBankUITests.tests.xcconfig */;
			buildSettings = {
				CODE_SIGN_STYLE = Automatic;
				CURRENT_PROJECT_VERSION = 1;
				DEVELOPMENT_TEAM = MB5QQ6DCS6;
				GENERATE_INFOPLIST_FILE = YES;
				IPHONEOS_DEPLOYMENT_TARGET = 15.6;
				MARKETING_VERSION = 1.0;
				PRODUCT_BUNDLE_IDENTIFIER = com.sida.MamiBankUITests;
				PRODUCT_NAME = "$(TARGET_NAME)";
				STRING_CATALOG_GENERATE_SYMBOLS = NO;
				SUPPORTED_PLATFORMS = "iphoneos iphonesimulator";
				SUPPORTS_MACCATALYST = NO;
				SUPPORTS_MAC_DESIGNED_FOR_IPHONE_IPAD = NO;
				SUPPORTS_XR_DESIGNED_FOR_IPHONE_IPAD = NO;
				SWIFT_APPROACHABLE_CONCURRENCY = YES;
				SWIFT_EMIT_LOC_STRINGS = NO;
				SWIFT_UPCOMING_FEATURE_MEMBER_IMPORT_VISIBILITY = YES;
				SWIFT_VERSION = 5.0;
				TARGETED_DEVICE_FAMILY = 1;
				TEST_TARGET_NAME = MamiBank;
			};
			name = Tests;
		};
/* End XCBuildConfiguration section */

/* Begin XCConfigurationList section */
		9267C6A92EA78A3000E3E360 /* Build configuration list for PBXProject "MamiBank" */ = {
			isa = XCConfigurationList;
			buildConfigurations = (
				9267C6DD2EA78A3400E3E360 /* Debug */,
				92F25CB02ECB1F2900C2608B /* Tests */,
				9267C6DE2EA78A3400E3E360 /* Release */,
				9267C7072EA78C2600E3E360 /* Staging */,
			);
			defaultConfigurationIsVisible = 0;
			defaultConfigurationName = Release;
		};
		9267C6DA2EA78A3400E3E360 /* Build configuration list for PBXNativeTarget "MamiBank" */ = {
			isa = XCConfigurationList;
			buildConfigurations = (
				9267C6DB2EA78A3400E3E360 /* Debug */,
				92F25CB12ECB1F2900C2608B /* Tests */,
				9267C6DC2EA78A3400E3E360 /* Release */,
				9267C7082EA78C2600E3E360 /* Staging */,
			);
			defaultConfigurationIsVisible = 0;
			defaultConfigurationName = Release;
		};
		9267C6DF2EA78A3400E3E360 /* Build configuration list for PBXNativeTarget "MamiBankTests" */ = {
			isa = XCConfigurationList;
			buildConfigurations = (
				9267C6E02EA78A3400E3E360 /* Debug */,
				92F25CB22ECB1F2900C2608B /* Tests */,
				9267C6E12EA78A3400E3E360 /* Release */,
				9267C7092EA78C2600E3E360 /* Staging */,
			);
			defaultConfigurationIsVisible = 0;
			defaultConfigurationName = Release;
		};
		9267C6E22EA78A3400E3E360 /* Build configuration list for PBXNativeTarget "MamiBankUITests" */ = {
			isa = XCConfigurationList;
			buildConfigurations = (
				9267C6E32EA78A3400E3E360 /* Debug */,
				92F25CB32ECB1F2900C2608B /* Tests */,
				9267C6E42EA78A3400E3E360 /* Release */,
				9267C70A2EA78C2600E3E360 /* Staging */,
			);
			defaultConfigurationIsVisible = 0;
			defaultConfigurationName = Release;
		};
/* End XCConfigurationList section */

/* Begin XCRemoteSwiftPackageReference section */
		9280A4202ECC202B008F2D2C /* XCRemoteSwiftPackageReference "SwiftHelperInit" */ = {
			isa = XCRemoteSwiftPackageReference;
			repositoryURL = "https://github.com/SidaHoil/SwiftHelperInit";
			requirement = {
				branch = main;
				kind = branch;
			};
		};
/* End XCRemoteSwiftPackageReference section */

/* Begin XCSwiftPackageProductDependency section */
		9280A4212ECC202B008F2D2C /* SwiftHelperInit */ = {
			isa = XCSwiftPackageProductDependency;
			package = 9280A4202ECC202B008F2D2C /* XCRemoteSwiftPackageReference "SwiftHelperInit" */;
			productName = SwiftHelperInit;
		};
/* End XCSwiftPackageProductDependency section */
	};
	rootObject = 9267C6A62EA78A3000E3E360 /* Project object */;
}
